// !$*UTF8*$!
{
	archiveVersion = 1;
	classes = {
	};
	objectVersion = 56;
	objects = {

/* Begin PBXBuildFile section */
		19116826291BB999009385FE /* lp_newton.c in Sources */ = {isa = PBXBuildFile; fileRef = 19116825291BB999009385FE /* lp_newton.c */; };
		19116829291BBBF1009385FE /* linsys.c in Sources */ = {isa = PBXBuildFile; fileRef = 19116828291BBBF1009385FE /* linsys.c */; };
		1911682C291BBF2C009385FE /* qdldl.c in Sources */ = {isa = PBXBuildFile; fileRef = 1911682B291BBF2C009385FE /* qdldl.c */; };
		19BC6B1228EA14AB00C7A150 /* vec_mat.c in Sources */ = {isa = PBXBuildFile; fileRef = 19BC6B1128EA14AB00C7A150 /* vec_mat.c */; };
		19BC6B1528EA1C4A00C7A150 /* pot_lanczos.c in Sources */ = {isa = PBXBuildFile; fileRef = 19BC6B1428EA1C4A00C7A150 /* pot_lanczos.c */; };
		19D1C18E291E254C00D5F463 /* libmkl_core.a in Frameworks */ = {isa = PBXBuildFile; fileRef = 19D1C18B291E253700D5F463 /* libmkl_core.a */; };
		19D1C18F291E254C00D5F463 /* libmkl_intel_lp64.a in Frameworks */ = {isa = PBXBuildFile; fileRef = 19D1C18D291E253700D5F463 /* libmkl_intel_lp64.a */; };
		19D1C190291E254C00D5F463 /* libmkl_sequential.a in Frameworks */ = {isa = PBXBuildFile; fileRef = 19D1C18C291E253700D5F463 /* libmkl_sequential.a */; };
		19DCD82628DB5662006B6B01 /* main.c in Sources */ = {isa = PBXBuildFile; fileRef = 19DCD82528DB5662006B6B01 /* main.c */; };
		19DCD83228DB587A006B6B01 /* pot_solver.c in Sources */ = {isa = PBXBuildFile; fileRef = 19DCD83128DB587A006B6B01 /* pot_solver.c */; };
		19E84B43293BAED500F9E115 /* libmkl_sequential.a in Frameworks */ = {isa = PBXBuildFile; fileRef = 19E84B40293BAED500F9E115 /* libmkl_sequential.a */; };
		19E84B44293BAED500F9E115 /* libmkl_intel_lp64.a in Frameworks */ = {isa = PBXBuildFile; fileRef = 19E84B41293BAED500F9E115 /* libmkl_intel_lp64.a */; };
		19E84B45293BAED500F9E115 /* libmkl_core.a in Frameworks */ = {isa = PBXBuildFile; fileRef = 19E84B42293BAED500F9E115 /* libmkl_core.a */; };
		19F175CD28E41874004265A0 /* pot_utils.c in Sources */ = {isa = PBXBuildFile; fileRef = 19F175CC28E41874004265A0 /* pot_utils.c */; };
		19F6C41E290EBA8300C66DE8 /* another_lp_solver.c in Sources */ = {isa = PBXBuildFile; fileRef = 19F6C41D290EBA8300C66DE8 /* another_lp_solver.c */; };
		19F6C421290EBC7A00C66DE8 /* lp_qmatrix.c in Sources */ = {isa = PBXBuildFile; fileRef = 19F6C420290EBC7A00C66DE8 /* lp_qmatrix.c */; };
		19F9A0A928E3B8AE00C7710E /* pot_vector.c in Sources */ = {isa = PBXBuildFile; fileRef = 19F9A0A828E3B8AE00C7710E /* pot_vector.c */; };
		19F9A0B328E3BDD300C7710E /* pot_constr_mat.c in Sources */ = {isa = PBXBuildFile; fileRef = 19F9A0B228E3BDD300C7710E /* pot_constr_mat.c */; };
		19F9A0B628E3C4D700C7710E /* pot_objfunc.c in Sources */ = {isa = PBXBuildFile; fileRef = 19F9A0B528E3C4D700C7710E /* pot_objfunc.c */; };
/* End PBXBuildFile section */

/* Begin PBXCopyFilesBuildPhase section */
		19DCD82028DB5662006B6B01 /* CopyFiles */ = {
			isa = PBXCopyFilesBuildPhase;
			buildActionMask = 2147483647;
			dstPath = /usr/share/man/man1/;
			dstSubfolderSpec = 0;
			files = (
			);
			runOnlyForDeploymentPostprocessing = 1;
		};
/* End PBXCopyFilesBuildPhase section */

/* Begin PBXFileReference section */
		19116824291BB999009385FE /* lp_newton.h */ = {isa = PBXFileReference; lastKnownFileType = sourcecode.c.h; path = lp_newton.h; sourceTree = "<group>"; };
		19116825291BB999009385FE /* lp_newton.c */ = {isa = PBXFileReference; lastKnownFileType = sourcecode.c.c; path = lp_newton.c; sourceTree = "<group>"; };
		19116827291BBBF1009385FE /* linsys.h */ = {isa = PBXFileReference; lastKnownFileType = sourcecode.c.h; path = linsys.h; sourceTree = "<group>"; };
		19116828291BBBF1009385FE /* linsys.c */ = {isa = PBXFileReference; lastKnownFileType = sourcecode.c.c; path = linsys.c; sourceTree = "<group>"; };
		1911682A291BBF27009385FE /* qdldl.h */ = {isa = PBXFileReference; fileEncoding = 4; lastKnownFileType = sourcecode.c.h; path = qdldl.h; sourceTree = "<group>"; };
		1911682B291BBF2C009385FE /* qdldl.c */ = {isa = PBXFileReference; fileEncoding = 4; lastKnownFileType = sourcecode.c.c; path = qdldl.c; sourceTree = "<group>"; };
		191DD2C4293C69E200C4BABA /* qp_avg.h */ = {isa = PBXFileReference; lastKnownFileType = sourcecode.c.h; path = qp_avg.h; sourceTree = "<group>"; };
		191DD2C5293C69E200C4BABA /* qp_avg.c */ = {isa = PBXFileReference; lastKnownFileType = sourcecode.c.c; path = qp_avg.c; sourceTree = "<group>"; };
		1955F02828EDF76400CD7B84 /* pot_solver.h */ = {isa = PBXFileReference; lastKnownFileType = sourcecode.c.h; path = pot_solver.h; sourceTree = "<group>"; };
		19BC6B1028EA14AB00C7A150 /* vec_mat.h */ = {isa = PBXFileReference; lastKnownFileType = sourcecode.c.h; path = vec_mat.h; sourceTree = "<group>"; };
		19BC6B1128EA14AB00C7A150 /* vec_mat.c */ = {isa = PBXFileReference; lastKnownFileType = sourcecode.c.c; path = vec_mat.c; sourceTree = "<group>"; };
		19BC6B1328EA1C4A00C7A150 /* pot_lanczos.h */ = {isa = PBXFileReference; lastKnownFileType = sourcecode.c.h; path = pot_lanczos.h; sourceTree = "<group>"; };
		19BC6B1428EA1C4A00C7A150 /* pot_lanczos.c */ = {isa = PBXFileReference; lastKnownFileType = sourcecode.c.c; path = pot_lanczos.c; sourceTree = "<group>"; };
		19D1C18A291D7B7800D5F463 /* pardiso.h */ = {isa = PBXFileReference; lastKnownFileType = sourcecode.c.h; path = pardiso.h; sourceTree = "<group>"; };
		19D1C18B291E253700D5F463 /* libmkl_core.a */ = {isa = PBXFileReference; lastKnownFileType = archive.ar; name = libmkl_core.a; path = ../../../../../../../opt/intel/oneapi/mkl/2021.2.0/lib/libmkl_core.a; sourceTree = "<group>"; };
		19D1C18C291E253700D5F463 /* libmkl_sequential.a */ = {isa = PBXFileReference; lastKnownFileType = archive.ar; name = libmkl_sequential.a; path = ../../../../../../../opt/intel/oneapi/mkl/2021.2.0/lib/libmkl_sequential.a; sourceTree = "<group>"; };
		19D1C18D291E253700D5F463 /* libmkl_intel_lp64.a */ = {isa = PBXFileReference; lastKnownFileType = archive.ar; name = libmkl_intel_lp64.a; path = ../../../../../../../opt/intel/oneapi/mkl/2021.2.0/lib/libmkl_intel_lp64.a; sourceTree = "<group>"; };
		19DCD82228DB5662006B6B01 /* potlp */ = {isa = PBXFileReference; explicitFileType = "compiled.mach-o.executable"; includeInIndex = 0; path = potlp; sourceTree = BUILT_PRODUCTS_DIR; };
		19DCD82528DB5662006B6B01 /* main.c */ = {isa = PBXFileReference; lastKnownFileType = sourcecode.c.c; path = main.c; sourceTree = "<group>"; };
		19DCD83028DB587A006B6B01 /* pot_def.h */ = {isa = PBXFileReference; lastKnownFileType = sourcecode.c.h; path = pot_def.h; sourceTree = "<group>"; };
		19DCD83128DB587A006B6B01 /* pot_solver.c */ = {isa = PBXFileReference; lastKnownFileType = sourcecode.c.c; path = pot_solver.c; sourceTree = "<group>"; };
		19E194E22908CB42003BEFD3 /* data.h */ = {isa = PBXFileReference; fileEncoding = 4; lastKnownFileType = sourcecode.c.h; name = data.h; path = potlp/test/data.h; sourceTree = "<group>"; };
		19E84B40293BAED500F9E115 /* libmkl_sequential.a */ = {isa = PBXFileReference; lastKnownFileType = archive.ar; name = libmkl_sequential.a; path = ../../../../../../../opt/intel/oneapi/mkl/2021.2.0/lib/libmkl_sequential.a; sourceTree = "<group>"; };
		19E84B41293BAED500F9E115 /* libmkl_intel_lp64.a */ = {isa = PBXFileReference; lastKnownFileType = archive.ar; name = libmkl_intel_lp64.a; path = ../../../../../../../opt/intel/oneapi/mkl/2021.2.0/lib/libmkl_intel_lp64.a; sourceTree = "<group>"; };
		19E84B42293BAED500F9E115 /* libmkl_core.a */ = {isa = PBXFileReference; lastKnownFileType = archive.ar; name = libmkl_core.a; path = ../../../../../../../opt/intel/oneapi/mkl/2021.2.0/lib/libmkl_core.a; sourceTree = "<group>"; };
		19F175CA28E4155B004265A0 /* pot_param.h */ = {isa = PBXFileReference; lastKnownFileType = sourcecode.c.h; path = pot_param.h; sourceTree = "<group>"; };
		19F175CB28E41874004265A0 /* pot_utils.h */ = {isa = PBXFileReference; lastKnownFileType = sourcecode.c.h; path = pot_utils.h; sourceTree = "<group>"; };
		19F175CC28E41874004265A0 /* pot_utils.c */ = {isa = PBXFileReference; lastKnownFileType = sourcecode.c.c; path = pot_utils.c; sourceTree = "<group>"; };
		19F6C41A290EB77000C66DE8 /* potlp.c */ = {isa = PBXFileReference; fileEncoding = 4; lastKnownFileType = sourcecode.c.c; name = potlp.c; path = mex/potlp.c; sourceTree = "<group>"; };
		19F6C41C290EBA8300C66DE8 /* another_lp_solver.h */ = {isa = PBXFileReference; lastKnownFileType = sourcecode.c.h; path = another_lp_solver.h; sourceTree = "<group>"; };
		19F6C41D290EBA8300C66DE8 /* another_lp_solver.c */ = {isa = PBXFileReference; lastKnownFileType = sourcecode.c.c; path = another_lp_solver.c; sourceTree = "<group>"; };
		19F6C41F290EBC7A00C66DE8 /* lp_qmatrix.h */ = {isa = PBXFileReference; lastKnownFileType = sourcecode.c.h; path = lp_qmatrix.h; sourceTree = "<group>"; };
		19F6C420290EBC7A00C66DE8 /* lp_qmatrix.c */ = {isa = PBXFileReference; lastKnownFileType = sourcecode.c.c; path = lp_qmatrix.c; sourceTree = "<group>"; };
		19F9A0A628E3AB0600C7710E /* pot_structs.h */ = {isa = PBXFileReference; lastKnownFileType = sourcecode.c.h; path = pot_structs.h; sourceTree = "<group>"; };
		19F9A0A728E3B8AE00C7710E /* pot_vector.h */ = {isa = PBXFileReference; lastKnownFileType = sourcecode.c.h; path = pot_vector.h; sourceTree = "<group>"; };
		19F9A0A828E3B8AE00C7710E /* pot_vector.c */ = {isa = PBXFileReference; lastKnownFileType = sourcecode.c.c; path = pot_vector.c; sourceTree = "<group>"; };
		19F9A0B128E3BDD300C7710E /* pot_constr_mat.h */ = {isa = PBXFileReference; lastKnownFileType = sourcecode.c.h; path = pot_constr_mat.h; sourceTree = "<group>"; };
		19F9A0B228E3BDD300C7710E /* pot_constr_mat.c */ = {isa = PBXFileReference; lastKnownFileType = sourcecode.c.c; path = pot_constr_mat.c; sourceTree = "<group>"; };
		19F9A0B428E3C4D700C7710E /* pot_objfunc.h */ = {isa = PBXFileReference; lastKnownFileType = sourcecode.c.h; path = pot_objfunc.h; sourceTree = "<group>"; };
		19F9A0B528E3C4D700C7710E /* pot_objfunc.c */ = {isa = PBXFileReference; lastKnownFileType = sourcecode.c.c; path = pot_objfunc.c; sourceTree = "<group>"; };
/* End PBXFileReference section */

/* Begin PBXFrameworksBuildPhase section */
		19DCD81F28DB5662006B6B01 /* Frameworks */ = {
			isa = PBXFrameworksBuildPhase;
			buildActionMask = 2147483647;
			files = (
				19D1C18F291E254C00D5F463 /* libmkl_intel_lp64.a in Frameworks */,
				19D1C18E291E254C00D5F463 /* libmkl_core.a in Frameworks */,
				19D1C190291E254C00D5F463 /* libmkl_sequential.a in Frameworks */,
			);
			runOnlyForDeploymentPostprocessing = 0;
		};
/* End PBXFrameworksBuildPhase section */

/* Begin PBXGroup section */
		1964F0C028F7BC9700E6458B /* Frameworks */ = {
			isa = PBXGroup;
			children = (
				19D1C18B291E253700D5F463 /* libmkl_core.a */,
				19D1C18D291E253700D5F463 /* libmkl_intel_lp64.a */,
				19D1C18C291E253700D5F463 /* libmkl_sequential.a */,
				1964F0C128F7BC9700E6458B /* Accelerate.framework */,
			);
			name = Frameworks;
			sourceTree = "<group>";
		};
		19DCD81928DB5662006B6B01 = {
			isa = PBXGroup;
			children = (
				19E194E22908CB42003BEFD3 /* data.h */,
				19DCD82428DB5662006B6B01 /* potlp */,
				19DCD82328DB5662006B6B01 /* Products */,
				1964F0C028F7BC9700E6458B /* Frameworks */,
			);
			sourceTree = "<group>";
		};
		19DCD82328DB5662006B6B01 /* Products */ = {
			isa = PBXGroup;
			children = (
				19DCD82228DB5662006B6B01 /* potlp */,
			);
			name = Products;
			sourceTree = "<group>";
		};
		19DCD82428DB5662006B6B01 /* potlp */ = {
			isa = PBXGroup;
			children = (
				19DCD82F28DB581B006B6B01 /* include */,
				19DCD82E28DB57D5006B6B01 /* linalg */,
				19DCD82D28DB57CB006B6B01 /* potreduce */,
				19DCD82C28DB57C2006B6B01 /* interface */,
				19DCD82528DB5662006B6B01 /* main.c */,
				19F6C41A290EB77000C66DE8 /* potlp.c */,
			);
			path = potlp;
			sourceTree = "<group>";
		};
		19DCD82C28DB57C2006B6B01 /* interface */ = {
			isa = PBXGroup;
			children = (
				191DD2C4293C69E200C4BABA /* qp_avg.h */,
				191DD2C5293C69E200C4BABA /* qp_avg.c */,
				19116824291BB999009385FE /* lp_newton.h */,
				19116825291BB999009385FE /* lp_newton.c */,
				19F6C41C290EBA8300C66DE8 /* another_lp_solver.h */,
				19F6C41D290EBA8300C66DE8 /* another_lp_solver.c */,
				19F6C41F290EBC7A00C66DE8 /* lp_qmatrix.h */,
				19F6C420290EBC7A00C66DE8 /* lp_qmatrix.c */,
				19DCD83128DB587A006B6B01 /* pot_solver.c */,
				19F175CA28E4155B004265A0 /* pot_param.h */,
				1955F02828EDF76400CD7B84 /* pot_solver.h */,
			);
			path = interface;
			sourceTree = "<group>";
		};
		19DCD82D28DB57CB006B6B01 /* potreduce */ = {
			isa = PBXGroup;
			children = (
				19F9A0B428E3C4D700C7710E /* pot_objfunc.h */,
				19BC6B1428EA1C4A00C7A150 /* pot_lanczos.c */,
				19F9A0B528E3C4D700C7710E /* pot_objfunc.c */,
				19F9A0A728E3B8AE00C7710E /* pot_vector.h */,
				19F9A0A828E3B8AE00C7710E /* pot_vector.c */,
				19F9A0B128E3BDD300C7710E /* pot_constr_mat.h */,
				19F9A0B228E3BDD300C7710E /* pot_constr_mat.c */,
				19F9A0A628E3AB0600C7710E /* pot_structs.h */,
				19F175CB28E41874004265A0 /* pot_utils.h */,
				19F175CC28E41874004265A0 /* pot_utils.c */,
				19BC6B1328EA1C4A00C7A150 /* pot_lanczos.h */,
			);
			path = potreduce;
			sourceTree = "<group>";
		};
		19DCD82E28DB57D5006B6B01 /* linalg */ = {
			isa = PBXGroup;
			children = (
				19D1C18A291D7B7800D5F463 /* pardiso.h */,
				1911682B291BBF2C009385FE /* qdldl.c */,
				1911682A291BBF27009385FE /* qdldl.h */,
				19116827291BBBF1009385FE /* linsys.h */,
				19116828291BBBF1009385FE /* linsys.c */,
				19BC6B1028EA14AB00C7A150 /* vec_mat.h */,
				19BC6B1128EA14AB00C7A150 /* vec_mat.c */,
			);
			path = linalg;
			sourceTree = "<group>";
		};
		19DCD82F28DB581B006B6B01 /* include */ = {
			isa = PBXGroup;
			children = (
				19DCD83028DB587A006B6B01 /* pot_def.h */,
			);
			path = include;
			sourceTree = "<group>";
		};
/* End PBXGroup section */

/* Begin PBXNativeTarget section */
		19DCD82128DB5662006B6B01 /* potlp */ = {
			isa = PBXNativeTarget;
			buildConfigurationList = 19DCD82928DB5662006B6B01 /* Build configuration list for PBXNativeTarget "potlp" */;
			buildPhases = (
				19DCD81E28DB5662006B6B01 /* Sources */,
				19DCD81F28DB5662006B6B01 /* Frameworks */,
				19DCD82028DB5662006B6B01 /* CopyFiles */,
			);
			buildRules = (
			);
			dependencies = (
			);
			name = potlp;
			productName = potlp;
			productReference = 19DCD82228DB5662006B6B01 /* potlp */;
			productType = "com.apple.product-type.tool";
		};
/* End PBXNativeTarget section */

/* Begin PBXProject section */
		19DCD81A28DB5662006B6B01 /* Project object */ = {
			isa = PBXProject;
			attributes = {
				BuildIndependentTargetsInParallel = 1;
				LastUpgradeCheck = 1400;
				TargetAttributes = {
					19DCD82128DB5662006B6B01 = {
						CreatedOnToolsVersion = 14.0;
					};
				};
			};
			buildConfigurationList = 19DCD81D28DB5662006B6B01 /* Build configuration list for PBXProject "potlp" */;
			compatibilityVersion = "Xcode 14.0";
			developmentRegion = en;
			hasScannedForEncodings = 0;
			knownRegions = (
				en,
				Base,
			);
			mainGroup = 19DCD81928DB5662006B6B01;
			productRefGroup = 19DCD82328DB5662006B6B01 /* Products */;
			projectDirPath = "";
			projectRoot = "";
			targets = (
				19DCD82128DB5662006B6B01 /* potlp */,
			);
		};
/* End PBXProject section */

/* Begin PBXSourcesBuildPhase section */
		19DCD81E28DB5662006B6B01 /* Sources */ = {
			isa = PBXSourcesBuildPhase;
			buildActionMask = 2147483647;
			files = (
				19F6C41E290EBA8300C66DE8 /* another_lp_solver.c in Sources */,
				19F9A0B328E3BDD300C7710E /* pot_constr_mat.c in Sources */,
				19BC6B1528EA1C4A00C7A150 /* pot_lanczos.c in Sources */,
				19BC6B1228EA14AB00C7A150 /* vec_mat.c in Sources */,
				1911682C291BBF2C009385FE /* qdldl.c in Sources */,
				19116826291BB999009385FE /* lp_newton.c in Sources */,
				19DCD82628DB5662006B6B01 /* main.c in Sources */,
				19F6C421290EBC7A00C66DE8 /* lp_qmatrix.c in Sources */,
				19F9A0B628E3C4D700C7710E /* pot_objfunc.c in Sources */,
				19F175CD28E41874004265A0 /* pot_utils.c in Sources */,
				19F9A0A928E3B8AE00C7710E /* pot_vector.c in Sources */,
				19DCD83228DB587A006B6B01 /* pot_solver.c in Sources */,
				19116829291BBBF1009385FE /* linsys.c in Sources */,
				191DD2C6293C69E200C4BABA /* qp_avg.c in Sources */,
			);
			runOnlyForDeploymentPostprocessing = 0;
		};
/* End PBXSourcesBuildPhase section */

/* Begin XCBuildConfiguration section */
		19DCD82728DB5662006B6B01 /* Debug */ = {
			isa = XCBuildConfiguration;
			buildSettings = {
				ALWAYS_SEARCH_USER_PATHS = NO;
				CLANG_ANALYZER_NONNULL = YES;
				CLANG_ANALYZER_NUMBER_OBJECT_CONVERSION = YES_AGGRESSIVE;
				CLANG_CXX_LANGUAGE_STANDARD = "gnu++20";
				CLANG_ENABLE_MODULES = YES;
				CLANG_ENABLE_OBJC_ARC = YES;
				CLANG_ENABLE_OBJC_WEAK = YES;
				CLANG_WARN_BLOCK_CAPTURE_AUTORELEASING = YES;
				CLANG_WARN_BOOL_CONVERSION = YES;
				CLANG_WARN_COMMA = YES;
				CLANG_WARN_CONSTANT_CONVERSION = YES;
				CLANG_WARN_DEPRECATED_OBJC_IMPLEMENTATIONS = YES;
				CLANG_WARN_DIRECT_OBJC_ISA_USAGE = YES_ERROR;
				CLANG_WARN_DOCUMENTATION_COMMENTS = YES;
				CLANG_WARN_EMPTY_BODY = YES;
				CLANG_WARN_ENUM_CONVERSION = YES;
				CLANG_WARN_INFINITE_RECURSION = YES;
				CLANG_WARN_INT_CONVERSION = YES;
				CLANG_WARN_NON_LITERAL_NULL_CONVERSION = YES;
				CLANG_WARN_OBJC_IMPLICIT_RETAIN_SELF = YES;
				CLANG_WARN_OBJC_LITERAL_CONVERSION = YES;
				CLANG_WARN_OBJC_ROOT_CLASS = YES_ERROR;
				CLANG_WARN_QUOTED_INCLUDE_IN_FRAMEWORK_HEADER = YES;
				CLANG_WARN_RANGE_LOOP_ANALYSIS = YES;
				CLANG_WARN_STRICT_PROTOTYPES = YES;
				CLANG_WARN_SUSPICIOUS_MOVE = YES;
				CLANG_WARN_UNGUARDED_AVAILABILITY = YES_AGGRESSIVE;
				CLANG_WARN_UNREACHABLE_CODE = YES;
				CLANG_WARN__DUPLICATE_METHOD_MATCH = YES;
				COPY_PHASE_STRIP = NO;
				DEBUG_INFORMATION_FORMAT = dwarf;
				ENABLE_STRICT_OBJC_MSGSEND = YES;
				ENABLE_TESTABILITY = YES;
				GCC_C_LANGUAGE_STANDARD = gnu11;
				GCC_DYNAMIC_NO_PIC = NO;
				GCC_NO_COMMON_BLOCKS = YES;
				GCC_OPTIMIZATION_LEVEL = 0;
				GCC_PREPROCESSOR_DEFINITIONS = (
					"DEBUG=1",
					"$(inherited)",
				);
				GCC_WARN_64_TO_32_BIT_CONVERSION = YES;
				GCC_WARN_ABOUT_RETURN_TYPE = YES_ERROR;
				GCC_WARN_UNDECLARED_SELECTOR = YES;
				GCC_WARN_UNINITIALIZED_AUTOS = YES_AGGRESSIVE;
				GCC_WARN_UNUSED_FUNCTION = YES;
				GCC_WARN_UNUSED_VARIABLE = YES;
				MACOSX_DEPLOYMENT_TARGET = 12.3;
				MTL_ENABLE_DEBUG_INFO = INCLUDE_SOURCE;
				MTL_FAST_MATH = YES;
				ONLY_ACTIVE_ARCH = YES;
				SDKROOT = macosx;
			};
			name = Debug;
		};
		19DCD82828DB5662006B6B01 /* Release */ = {
			isa = XCBuildConfiguration;
			buildSettings = {
				ALWAYS_SEARCH_USER_PATHS = NO;
				CLANG_ANALYZER_NONNULL = YES;
				CLANG_ANALYZER_NUMBER_OBJECT_CONVERSION = YES_AGGRESSIVE;
				CLANG_CXX_LANGUAGE_STANDARD = "gnu++20";
				CLANG_ENABLE_MODULES = YES;
				CLANG_ENABLE_OBJC_ARC = YES;
				CLANG_ENABLE_OBJC_WEAK = YES;
				CLANG_WARN_BLOCK_CAPTURE_AUTORELEASING = YES;
				CLANG_WARN_BOOL_CONVERSION = YES;
				CLANG_WARN_COMMA = YES;
				CLANG_WARN_CONSTANT_CONVERSION = YES;
				CLANG_WARN_DEPRECATED_OBJC_IMPLEMENTATIONS = YES;
				CLANG_WARN_DIRECT_OBJC_ISA_USAGE = YES_ERROR;
				CLANG_WARN_DOCUMENTATION_COMMENTS = YES;
				CLANG_WARN_EMPTY_BODY = YES;
				CLANG_WARN_ENUM_CONVERSION = YES;
				CLANG_WARN_INFINITE_RECURSION = YES;
				CLANG_WARN_INT_CONVERSION = YES;
				CLANG_WARN_NON_LITERAL_NULL_CONVERSION = YES;
				CLANG_WARN_OBJC_IMPLICIT_RETAIN_SELF = YES;
				CLANG_WARN_OBJC_LITERAL_CONVERSION = YES;
				CLANG_WARN_OBJC_ROOT_CLASS = YES_ERROR;
				CLANG_WARN_QUOTED_INCLUDE_IN_FRAMEWORK_HEADER = YES;
				CLANG_WARN_RANGE_LOOP_ANALYSIS = YES;
				CLANG_WARN_STRICT_PROTOTYPES = YES;
				CLANG_WARN_SUSPICIOUS_MOVE = YES;
				CLANG_WARN_UNGUARDED_AVAILABILITY = YES_AGGRESSIVE;
				CLANG_WARN_UNREACHABLE_CODE = YES;
				CLANG_WARN__DUPLICATE_METHOD_MATCH = YES;
				COPY_PHASE_STRIP = NO;
				DEBUG_INFORMATION_FORMAT = "dwarf-with-dsym";
				ENABLE_NS_ASSERTIONS = NO;
				ENABLE_STRICT_OBJC_MSGSEND = YES;
				GCC_C_LANGUAGE_STANDARD = gnu11;
				GCC_NO_COMMON_BLOCKS = YES;
				GCC_OPTIMIZATION_LEVEL = 0;
				GCC_WARN_64_TO_32_BIT_CONVERSION = YES;
				GCC_WARN_ABOUT_RETURN_TYPE = YES_ERROR;
				GCC_WARN_UNDECLARED_SELECTOR = YES;
				GCC_WARN_UNINITIALIZED_AUTOS = YES_AGGRESSIVE;
				GCC_WARN_UNUSED_FUNCTION = YES;
				GCC_WARN_UNUSED_VARIABLE = YES;
				MACOSX_DEPLOYMENT_TARGET = 12.3;
				MTL_ENABLE_DEBUG_INFO = NO;
				MTL_FAST_MATH = YES;
				SDKROOT = macosx;
			};
			name = Release;
		};
		19DCD82A28DB5662006B6B01 /* Debug */ = {
			isa = XCBuildConfiguration;
			buildSettings = {
				CODE_SIGN_STYLE = Automatic;
				LIBRARY_SEARCH_PATHS = (
					"$(inherited)",
					/opt/intel/oneapi/mkl/2021.2.0/lib,
				);
				PRODUCT_NAME = "$(TARGET_NAME)";
			};
			name = Debug;
		};
		19DCD82B28DB5662006B6B01 /* Release */ = {
			isa = XCBuildConfiguration;
			buildSettings = {
				CODE_SIGN_STYLE = Automatic;
				LIBRARY_SEARCH_PATHS = (
					"$(inherited)",
					/opt/intel/oneapi/mkl/2021.2.0/lib,
				);
				PRODUCT_NAME = "$(TARGET_NAME)";
			};
			name = Release;
		};
/* End XCBuildConfiguration section */

/* Begin XCConfigurationList section */
		19DCD81D28DB5662006B6B01 /* Build configuration list for PBXProject "potlp" */ = {
			isa = XCConfigurationList;
			buildConfigurations = (
				19DCD82728DB5662006B6B01 /* Debug */,
				19DCD82828DB5662006B6B01 /* Release */,
			);
			defaultConfigurationIsVisible = 0;
			defaultConfigurationName = Release;
		};
		19DCD82928DB5662006B6B01 /* Build configuration list for PBXNativeTarget "potlp" */ = {
			isa = XCConfigurationList;
			buildConfigurations = (
				19DCD82A28DB5662006B6B01 /* Debug */,
				19DCD82B28DB5662006B6B01 /* Release */,
			);
			defaultConfigurationIsVisible = 0;
			defaultConfigurationName = Release;
		};
/* End XCConfigurationList section */
	};
	rootObject = 19DCD81A28DB5662006B6B01 /* Project object */;
}
