// !$*UTF8*$!
{
	archiveVersion = 1;
	classes = {
	};
	objectVersion = 55;
	objects = {

/* Begin PBXBuildFile section */
		1901C7F227B15FB30046EFB2 /* dsdpcg.c in Sources */ = {isa = PBXBuildFile; fileRef = 1901C7F127B15FB30046EFB2 /* dsdpcg.c */; };
		1905E06327C4AD240020D1B2 /* dsdpstats.c in Sources */ = {isa = PBXBuildFile; fileRef = 1905E06227C4AD240020D1B2 /* dsdpstats.c */; };
		19118DE62737B72800D51D03 /* schurmatops.c in Sources */ = {isa = PBXBuildFile; fileRef = 19118D942737B72800D51D03 /* schurmatops.c */; };
		19118DE92737B72800D51D03 /* stepheur.c in Sources */ = {isa = PBXBuildFile; fileRef = 19118D972737B72800D51D03 /* stepheur.c */; };
		19118DEB2737B72800D51D03 /* vec.c in Sources */ = {isa = PBXBuildFile; fileRef = 19118D9F2737B72800D51D03 /* vec.c */; };
		19118DEC2737B72800D51D03 /* densemat.c in Sources */ = {isa = PBXBuildFile; fileRef = 19118DA12737B72800D51D03 /* densemat.c */; };
		19118DED2737B72800D51D03 /* sparsemat.c in Sources */ = {isa = PBXBuildFile; fileRef = 19118DA22737B72800D51D03 /* sparsemat.c */; };
		19118DEE2737B72800D51D03 /* config.c in Sources */ = {isa = PBXBuildFile; fileRef = 19118DA82737B72800D51D03 /* config.c */; };
		19118E232737B72800D51D03 /* main.c in Sources */ = {isa = PBXBuildFile; fileRef = 19118DE22737B72800D51D03 /* main.c */; };
		19118E242737B72800D51D03 /* dsdphsd.c in Sources */ = {isa = PBXBuildFile; fileRef = 19118DE42737B72800D51D03 /* dsdphsd.c */; };
		1924445D27E9E07300C99F42 /* dsdpcorrector.c in Sources */ = {isa = PBXBuildFile; fileRef = 1924445C27E9E07200C99F42 /* dsdpcorrector.c */; };
		1934771327B7E1A00048A772 /* dsdpreadsdpa.c in Sources */ = {isa = PBXBuildFile; fileRef = 1934771227B7E1A00048A772 /* dsdpreadsdpa.c */; };
		1950371627B625C400C723FC /* dsdppsol.c in Sources */ = {isa = PBXBuildFile; fileRef = 1950371527B625C400C723FC /* dsdppsol.c */; };
		195EE4C727B92AD400065A4B /* dsdpsort.c in Sources */ = {isa = PBXBuildFile; fileRef = 195EE4C627B92AD400065A4B /* dsdpsort.c */; };
		1971D5F7285B091500690C39 /* libmkl_intel_thread.1.dylib in Frameworks */ = {isa = PBXBuildFile; fileRef = 199220772737D8A400DD975D /* libmkl_intel_thread.1.dylib */; };
		1971D5F8285B091500690C39 /* libmkl_intel_thread.1.dylib in Embed Libraries */ = {isa = PBXBuildFile; fileRef = 199220772737D8A400DD975D /* libmkl_intel_thread.1.dylib */; settings = {ATTRIBUTES = (CodeSignOnCopy, ); }; };
		1971D5FE285B182600690C39 /* libiomp5.dylib in Frameworks */ = {isa = PBXBuildFile; fileRef = 199220842737D8C500DD975D /* libiomp5.dylib */; };
		1971D5FF285B182600690C39 /* libiomp5.dylib in Embed Libraries */ = {isa = PBXBuildFile; fileRef = 199220842737D8C500DD975D /* libiomp5.dylib */; settings = {ATTRIBUTES = (CodeSignOnCopy, ); }; };
		197A770627C7889A00D3A50B /* symschur.c in Sources */ = {isa = PBXBuildFile; fileRef = 197A770527C7889A00D3A50B /* symschur.c */; };
		19808F3F273807770014086F /* dsdpdata.c in Sources */ = {isa = PBXBuildFile; fileRef = 19808F3E273807770014086F /* dsdpdata.c */; };
		19808F4327380A990014086F /* dsdppresolve.c in Sources */ = {isa = PBXBuildFile; fileRef = 19808F4227380A990014086F /* dsdppresolve.c */; };
		19808F46273817510014086F /* rankonemat.c in Sources */ = {isa = PBXBuildFile; fileRef = 19808F45273817510014086F /* rankonemat.c */; };
		198237612802B966005F85B4 /* schurmat.c in Sources */ = {isa = PBXBuildFile; fileRef = 198237602802B966005F85B4 /* schurmat.c */; };
		1985AC3D279B9DB400B7B8EB /* dsdppfeas.c in Sources */ = {isa = PBXBuildFile; fileRef = 1985AC3C279B9DB400B7B8EB /* dsdppfeas.c */; };
		1997804A27CF5DA6006B7E6A /* libmkl_core.1.dylib in Embed Libraries */ = {isa = PBXBuildFile; fileRef = 199220782737D8A400DD975D /* libmkl_core.1.dylib */; settings = {ATTRIBUTES = (CodeSignOnCopy, ); }; };
		1997804B27CF5DA6006B7E6A /* libmkl_intel_lp64.1.dylib in Embed Libraries */ = {isa = PBXBuildFile; fileRef = 199220792737D8A400DD975D /* libmkl_intel_lp64.1.dylib */; settings = {ATTRIBUTES = (CodeSignOnCopy, ); }; };
		1997805327CF6426006B7E6A /* libmkl_intel_lp64.1.dylib in Frameworks */ = {isa = PBXBuildFile; fileRef = 1997805127CF6426006B7E6A /* libmkl_intel_lp64.1.dylib */; };
		1997805427CF6426006B7E6A /* libmkl_core.1.dylib in Frameworks */ = {isa = PBXBuildFile; fileRef = 1997805227CF6426006B7E6A /* libmkl_core.1.dylib */; };
		199CB0742875604600799285 /* cs.c in Sources */ = {isa = PBXBuildFile; fileRef = 199CB0732875604600799285 /* cs.c */; };
		199F256F2826377600D6B778 /* heurpool.c in Sources */ = {isa = PBXBuildFile; fileRef = 199F256E2826377600D6B778 /* heurpool.c */; };
		19ABC01227C09F6B00105887 /* dsdpparam.c in Sources */ = {isa = PBXBuildFile; fileRef = 19ABC01127C09F6B00105887 /* dsdpparam.c */; };
		19BCF811282179D3000B6AC5 /* speigs.c in Sources */ = {isa = PBXBuildFile; fileRef = 19BCF810282179D3000B6AC5 /* speigs.c */; };
		19C3732727A7F2DA0021A708 /* rankkmat.c in Sources */ = {isa = PBXBuildFile; fileRef = 19C3732627A7F2DA0021A708 /* rankkmat.c */; };
		19C3732B27A98B0D0021A708 /* dsdplanczos.c in Sources */ = {isa = PBXBuildFile; fileRef = 19C3732A27A98B0D0021A708 /* dsdplanczos.c */; };
		19C3BBDA2794032000F0331B /* dsdplog.c in Sources */ = {isa = PBXBuildFile; fileRef = 19C3BBD92794032000F0331B /* dsdplog.c */; };
		19C3BBDD2794539600F0331B /* dsdpdinfeas.c in Sources */ = {isa = PBXBuildFile; fileRef = 19C3BBDC2794539600F0331B /* dsdpdinfeas.c */; };
		19C3BBE0279453F200F0331B /* dsdpinitializer.c in Sources */ = {isa = PBXBuildFile; fileRef = 19C3BBDF279453F200F0331B /* dsdpinitializer.c */; };
		19C3BBE3279454D600F0331B /* dsdputils.c in Sources */ = {isa = PBXBuildFile; fileRef = 19C3BBE2279454D600F0331B /* dsdputils.c */; };
		19C3BBE62795054900F0331B /* dsdpproxmeasure.c in Sources */ = {isa = PBXBuildFile; fileRef = 19C3BBE52795054900F0331B /* dsdpproxmeasure.c */; };
		19C3BC05279527BA00F0331B /* dsdppfeascheck.c in Sources */ = {isa = PBXBuildFile; fileRef = 19C3BC04279527BA00F0331B /* dsdppfeascheck.c */; };
		19C9AA1A2862BA2400258135 /* dsdpoutput.c in Sources */ = {isa = PBXBuildFile; fileRef = 19C9AA192862BA2400258135 /* dsdpoutput.c */; };
		19D864042890FB51002D5A7E /* linsysconfig.c in Sources */ = {isa = PBXBuildFile; fileRef = 19D864032890FB51002D5A7E /* linsysconfig.c */; };
		19F1195B275A627B0051D808 /* stepdirection.c in Sources */ = {isa = PBXBuildFile; fileRef = 19F1195A275A627B0051D808 /* stepdirection.c */; };
/* End PBXBuildFile section */

/* Begin PBXCopyFilesBuildPhase section */
		19118D842737B6CF00D51D03 /* CopyFiles */ = {
			isa = PBXCopyFilesBuildPhase;
			buildActionMask = 2147483647;
			dstPath = /usr/share/man/man1/;
			dstSubfolderSpec = 0;
			files = (
			);
			runOnlyForDeploymentPostprocessing = 1;
		};
		199220832737D8A400DD975D /* Embed Libraries */ = {
			isa = PBXCopyFilesBuildPhase;
			buildActionMask = 2147483647;
			dstPath = "";
			dstSubfolderSpec = 10;
			files = (
				1997804A27CF5DA6006B7E6A /* libmkl_core.1.dylib in Embed Libraries */,
				1971D5FF285B182600690C39 /* libiomp5.dylib in Embed Libraries */,
				1971D5F8285B091500690C39 /* libmkl_intel_thread.1.dylib in Embed Libraries */,
				1997804B27CF5DA6006B7E6A /* libmkl_intel_lp64.1.dylib in Embed Libraries */,
			);
			name = "Embed Libraries";
			runOnlyForDeploymentPostprocessing = 0;
		};
/* End PBXCopyFilesBuildPhase section */

/* Begin PBXFileReference section */
		1901C7F027B15FB30046EFB2 /* dsdpcg.h */ = {isa = PBXFileReference; lastKnownFileType = sourcecode.c.h; path = dsdpcg.h; sourceTree = "<group>"; };
		1901C7F127B15FB30046EFB2 /* dsdpcg.c */ = {isa = PBXFileReference; lastKnownFileType = sourcecode.c.c; path = dsdpcg.c; sourceTree = "<group>"; };
		1905E06127C4AD240020D1B2 /* dsdpstats.h */ = {isa = PBXFileReference; lastKnownFileType = sourcecode.c.h; path = dsdpstats.h; sourceTree = "<group>"; };
		1905E06227C4AD240020D1B2 /* dsdpstats.c */ = {isa = PBXFileReference; lastKnownFileType = sourcecode.c.c; path = dsdpstats.c; sourceTree = "<group>"; };
		19118D862737B6CF00D51D03 /* DSDP6 */ = {isa = PBXFileReference; explicitFileType = "compiled.mach-o.executable"; includeInIndex = 0; path = DSDP6; sourceTree = BUILT_PRODUCTS_DIR; };
		19118D932737B72800D51D03 /* stepheur.h */ = {isa = PBXFileReference; fileEncoding = 4; lastKnownFileType = sourcecode.c.h; path = stepheur.h; sourceTree = "<group>"; };
		19118D942737B72800D51D03 /* schurmatops.c */ = {isa = PBXFileReference; fileEncoding = 4; lastKnownFileType = sourcecode.c.c; path = schurmatops.c; sourceTree = "<group>"; };
		19118D972737B72800D51D03 /* stepheur.c */ = {isa = PBXFileReference; fileEncoding = 4; lastKnownFileType = sourcecode.c.c; path = stepheur.c; sourceTree = "<group>"; };
		19118D992737B72800D51D03 /* schurmatops.h */ = {isa = PBXFileReference; fileEncoding = 4; lastKnownFileType = sourcecode.c.h; path = schurmatops.h; sourceTree = "<group>"; };
		19118D9C2737B72800D51D03 /* vec.h */ = {isa = PBXFileReference; fileEncoding = 4; lastKnownFileType = sourcecode.c.h; path = vec.h; sourceTree = "<group>"; };
		19118D9D2737B72800D51D03 /* sparsemat.h */ = {isa = PBXFileReference; fileEncoding = 4; lastKnownFileType = sourcecode.c.h; path = sparsemat.h; sourceTree = "<group>"; };
		19118D9E2737B72800D51D03 /* densemat.h */ = {isa = PBXFileReference; fileEncoding = 4; lastKnownFileType = sourcecode.c.h; path = densemat.h; sourceTree = "<group>"; };
		19118D9F2737B72800D51D03 /* vec.c */ = {isa = PBXFileReference; fileEncoding = 4; lastKnownFileType = sourcecode.c.c; path = vec.c; sourceTree = "<group>"; };
		19118DA12737B72800D51D03 /* densemat.c */ = {isa = PBXFileReference; fileEncoding = 4; lastKnownFileType = sourcecode.c.c; path = densemat.c; sourceTree = "<group>"; };
		19118DA22737B72800D51D03 /* sparsemat.c */ = {isa = PBXFileReference; fileEncoding = 4; lastKnownFileType = sourcecode.c.c; path = sparsemat.c; sourceTree = "<group>"; };
		19118DA42737B72800D51D03 /* dsdppardiso.h */ = {isa = PBXFileReference; fileEncoding = 4; lastKnownFileType = sourcecode.c.h; path = dsdppardiso.h; sourceTree = "<group>"; };
		19118DA52737B72800D51D03 /* dsdplapack.h */ = {isa = PBXFileReference; fileEncoding = 4; lastKnownFileType = sourcecode.c.h; path = dsdplapack.h; sourceTree = "<group>"; };
		19118DA82737B72800D51D03 /* config.c */ = {isa = PBXFileReference; fileEncoding = 4; lastKnownFileType = sourcecode.c.c; path = config.c; sourceTree = "<group>"; };
		19118DA92737B72800D51D03 /* config.h */ = {isa = PBXFileReference; fileEncoding = 4; lastKnownFileType = sourcecode.c.h; path = config.h; sourceTree = "<group>"; };
		19118DD82737B72800D51D03 /* cs.h */ = {isa = PBXFileReference; fileEncoding = 4; lastKnownFileType = sourcecode.c.h; path = cs.h; sourceTree = "<group>"; };
		19118DE22737B72800D51D03 /* main.c */ = {isa = PBXFileReference; fileEncoding = 4; lastKnownFileType = sourcecode.c.c; path = main.c; sourceTree = "<group>"; };
		19118DE42737B72800D51D03 /* dsdphsd.c */ = {isa = PBXFileReference; fileEncoding = 4; lastKnownFileType = sourcecode.c.c; path = dsdphsd.c; sourceTree = "<group>"; };
		19118DE52737B72800D51D03 /* dsdphsd.h */ = {isa = PBXFileReference; fileEncoding = 4; lastKnownFileType = sourcecode.c.h; path = dsdphsd.h; sourceTree = "<group>"; };
		1924445B27E9E07200C99F42 /* dsdpcorrector.h */ = {isa = PBXFileReference; fileEncoding = 4; lastKnownFileType = sourcecode.c.h; path = dsdpcorrector.h; sourceTree = "<group>"; };
		1924445C27E9E07200C99F42 /* dsdpcorrector.c */ = {isa = PBXFileReference; fileEncoding = 4; lastKnownFileType = sourcecode.c.c; path = dsdpcorrector.c; sourceTree = "<group>"; };
		1934771127B7E1A00048A772 /* dsdpreadsdpa.h */ = {isa = PBXFileReference; lastKnownFileType = sourcecode.c.h; path = dsdpreadsdpa.h; sourceTree = "<group>"; };
		1934771227B7E1A00048A772 /* dsdpreadsdpa.c */ = {isa = PBXFileReference; lastKnownFileType = sourcecode.c.c; path = dsdpreadsdpa.c; sourceTree = "<group>"; };
		1947DC1E2799B66B004065D8 /* data.h */ = {isa = PBXFileReference; fileEncoding = 4; lastKnownFileType = sourcecode.c.h; path = data.h; sourceTree = "<group>"; };
		1950371427B625C400C723FC /* dsdppsol.h */ = {isa = PBXFileReference; lastKnownFileType = sourcecode.c.h; path = dsdppsol.h; sourceTree = "<group>"; };
		1950371527B625C400C723FC /* dsdppsol.c */ = {isa = PBXFileReference; lastKnownFileType = sourcecode.c.c; path = dsdppsol.c; sourceTree = "<group>"; };
		195EE4C527B92AD400065A4B /* dsdpsort.h */ = {isa = PBXFileReference; lastKnownFileType = sourcecode.c.h; path = dsdpsort.h; sourceTree = "<group>"; };
		195EE4C627B92AD400065A4B /* dsdpsort.c */ = {isa = PBXFileReference; lastKnownFileType = sourcecode.c.c; path = dsdpsort.c; sourceTree = "<group>"; };
		1971D5F5285B08E100690C39 /* libmkl_intel_thread.a */ = {isa = PBXFileReference; lastKnownFileType = archive.ar; name = libmkl_intel_thread.a; path = ../../../../../opt/intel/oneapi/mkl/2021.2.0/lib/libmkl_intel_thread.a; sourceTree = "<group>"; };
		1971D5F9285B093000690C39 /* libiomp5.dylib */ = {isa = PBXFileReference; lastKnownFileType = "compiled.mach-o.dylib"; name = libiomp5.dylib; path = ../../../../../opt/intel/oneapi/compiler/2022.0.0/mac/compiler/lib/libiomp5.dylib; sourceTree = "<group>"; };
		197A770427C7889A00D3A50B /* symschur.h */ = {isa = PBXFileReference; lastKnownFileType = sourcecode.c.h; path = symschur.h; sourceTree = "<group>"; };
		197A770527C7889A00D3A50B /* symschur.c */ = {isa = PBXFileReference; lastKnownFileType = sourcecode.c.c; path = symschur.c; sourceTree = "<group>"; };
		19808F392737FEDA0014086F /* test.h */ = {isa = PBXFileReference; lastKnownFileType = sourcecode.c.h; path = test.h; sourceTree = "<group>"; };
		19808F3D273807770014086F /* dsdpdata.h */ = {isa = PBXFileReference; lastKnownFileType = sourcecode.c.h; path = dsdpdata.h; sourceTree = "<group>"; };
		19808F3E273807770014086F /* dsdpdata.c */ = {isa = PBXFileReference; lastKnownFileType = sourcecode.c.c; path = dsdpdata.c; sourceTree = "<group>"; };
		19808F4127380A990014086F /* dsdppresolve.h */ = {isa = PBXFileReference; lastKnownFileType = sourcecode.c.h; name = dsdppresolve.h; path = DSDP6/src/presolve/dsdppresolve.h; sourceTree = SOURCE_ROOT; };
		19808F4227380A990014086F /* dsdppresolve.c */ = {isa = PBXFileReference; lastKnownFileType = sourcecode.c.c; name = dsdppresolve.c; path = DSDP6/src/presolve/dsdppresolve.c; sourceTree = SOURCE_ROOT; };
		19808F44273817510014086F /* rankonemat.h */ = {isa = PBXFileReference; lastKnownFileType = sourcecode.c.h; path = rankonemat.h; sourceTree = "<group>"; };
		19808F45273817510014086F /* rankonemat.c */ = {isa = PBXFileReference; lastKnownFileType = sourcecode.c.c; path = rankonemat.c; sourceTree = "<group>"; };
		19808F47273833760014086F /* dsdpparam.h */ = {isa = PBXFileReference; lastKnownFileType = sourcecode.c.h; path = dsdpparam.h; sourceTree = "<group>"; };
		1982375F2802B966005F85B4 /* schurmat.h */ = {isa = PBXFileReference; lastKnownFileType = sourcecode.c.h; path = schurmat.h; sourceTree = "<group>"; };
		198237602802B966005F85B4 /* schurmat.c */ = {isa = PBXFileReference; lastKnownFileType = sourcecode.c.c; path = schurmat.c; sourceTree = "<group>"; };
		1985AC3B279B9DB400B7B8EB /* dsdppfeas.h */ = {isa = PBXFileReference; lastKnownFileType = sourcecode.c.h; path = dsdppfeas.h; sourceTree = "<group>"; };
		1985AC3C279B9DB400B7B8EB /* dsdppfeas.c */ = {isa = PBXFileReference; lastKnownFileType = sourcecode.c.c; path = dsdppfeas.c; sourceTree = "<group>"; };
		199220752737D86C00DD975D /* Accelerate.framework */ = {isa = PBXFileReference; lastKnownFileType = wrapper.framework; name = Accelerate.framework; path = System/Library/Frameworks/Accelerate.framework; sourceTree = SDKROOT; };
		199220772737D8A400DD975D /* libmkl_intel_thread.1.dylib */ = {isa = PBXFileReference; lastKnownFileType = "compiled.mach-o.dylib"; name = libmkl_intel_thread.1.dylib; path = ../../../../../../opt/intel/oneapi/mkl/2021.2.0/lib/libmkl_intel_thread.1.dylib; sourceTree = "<group>"; };
		199220782737D8A400DD975D /* libmkl_core.1.dylib */ = {isa = PBXFileReference; lastKnownFileType = "compiled.mach-o.dylib"; name = libmkl_core.1.dylib; path = ../../../../../../opt/intel/oneapi/mkl/2021.2.0/lib/libmkl_core.1.dylib; sourceTree = "<group>"; };
		199220792737D8A400DD975D /* libmkl_intel_lp64.1.dylib */ = {isa = PBXFileReference; lastKnownFileType = "compiled.mach-o.dylib"; name = libmkl_intel_lp64.1.dylib; path = ../../../../../../opt/intel/oneapi/mkl/2021.2.0/lib/libmkl_intel_lp64.1.dylib; sourceTree = "<group>"; };
		1992207A2737D8A400DD975D /* libmkl_mc3.1.dylib */ = {isa = PBXFileReference; lastKnownFileType = "compiled.mach-o.dylib"; name = libmkl_mc3.1.dylib; path = ../../../../../../opt/intel/oneapi/mkl/2021.2.0/lib/libmkl_mc3.1.dylib; sourceTree = "<group>"; };
		199220842737D8C500DD975D /* libiomp5.dylib */ = {isa = PBXFileReference; lastKnownFileType = "compiled.mach-o.dylib"; name = libiomp5.dylib; path = ../../../../../../opt/intel/oneapi/compiler/2021.2.0/mac/compiler/lib/libiomp5.dylib; sourceTree = "<group>"; };
		1997804127CF5CFB006B7E6A /* libmkl_intel_thread.1.dylib */ = {isa = PBXFileReference; lastKnownFileType = "compiled.mach-o.dylib"; name = libmkl_intel_thread.1.dylib; path = ../../../../../usr/local/lib/libmkl_intel_thread.1.dylib; sourceTree = "<group>"; };
		1997804227CF5CFB006B7E6A /* libmkl_sequential.1.dylib */ = {isa = PBXFileReference; lastKnownFileType = "compiled.mach-o.dylib"; name = libmkl_sequential.1.dylib; path = ../../../../../usr/local/lib/libmkl_sequential.1.dylib; sourceTree = "<group>"; };
		1997804727CF5D68006B7E6A /* libiomp5.dylib */ = {isa = PBXFileReference; lastKnownFileType = "compiled.mach-o.dylib"; name = libiomp5.dylib; path = ../../../../../usr/local/lib/libiomp5.dylib; sourceTree = "<group>"; };
		1997805127CF6426006B7E6A /* libmkl_intel_lp64.1.dylib */ = {isa = PBXFileReference; lastKnownFileType = "compiled.mach-o.dylib"; name = libmkl_intel_lp64.1.dylib; path = ../../../../../usr/local/lib/libmkl_intel_lp64.1.dylib; sourceTree = "<group>"; };
		1997805227CF6426006B7E6A /* libmkl_core.1.dylib */ = {isa = PBXFileReference; lastKnownFileType = "compiled.mach-o.dylib"; name = libmkl_core.1.dylib; path = ../../../../../usr/local/lib/libmkl_core.1.dylib; sourceTree = "<group>"; };
		199CB0732875604600799285 /* cs.c */ = {isa = PBXFileReference; lastKnownFileType = sourcecode.c.c; path = cs.c; sourceTree = "<group>"; };
		199F256D2824AA4300D6B778 /* heurpool.h */ = {isa = PBXFileReference; lastKnownFileType = sourcecode.c.h; path = heurpool.h; sourceTree = "<group>"; };
		199F256E2826377600D6B778 /* heurpool.c */ = {isa = PBXFileReference; lastKnownFileType = sourcecode.c.c; path = heurpool.c; sourceTree = "<group>"; };
		19ABC01127C09F6B00105887 /* dsdpparam.c */ = {isa = PBXFileReference; lastKnownFileType = sourcecode.c.c; path = dsdpparam.c; sourceTree = "<group>"; };
		19B423A3279E845E00E35E0B /* libmkl_sequential.a */ = {isa = PBXFileReference; lastKnownFileType = archive.ar; name = libmkl_sequential.a; path = ../../../../../opt/intel/oneapi/mkl/2021.2.0/lib/libmkl_sequential.a; sourceTree = "<group>"; };
		19B423A5279E849200E35E0B /* libmkl_core.a */ = {isa = PBXFileReference; lastKnownFileType = archive.ar; name = libmkl_core.a; path = ../../../../../opt/intel/oneapi/mkl/2021.2.0/lib/libmkl_core.a; sourceTree = "<group>"; };
		19B423A6279E849200E35E0B /* libmkl_intel_lp64.a */ = {isa = PBXFileReference; lastKnownFileType = archive.ar; name = libmkl_intel_lp64.a; path = ../../../../../opt/intel/oneapi/mkl/2021.2.0/lib/libmkl_intel_lp64.a; sourceTree = "<group>"; };
		19BACAF1274EAE4500E987FD /* structs.h */ = {isa = PBXFileReference; lastKnownFileType = sourcecode.c.h; path = structs.h; sourceTree = "<group>"; };
		19BCF80F282179D3000B6AC5 /* speigs.h */ = {isa = PBXFileReference; lastKnownFileType = sourcecode.c.h; path = speigs.h; sourceTree = "<group>"; };
		19BCF810282179D3000B6AC5 /* speigs.c */ = {isa = PBXFileReference; lastKnownFileType = sourcecode.c.c; path = speigs.c; sourceTree = "<group>"; };
		19BEEC2A2757F14A00C36C9E /* dsdpsolver.h */ = {isa = PBXFileReference; lastKnownFileType = sourcecode.c.h; path = dsdpsolver.h; sourceTree = "<group>"; };
		19C1E9D42768E707000FCBF9 /* SDPdata.h */ = {isa = PBXFileReference; fileEncoding = 4; lastKnownFileType = sourcecode.c.h; path = SDPdata.h; sourceTree = "<group>"; };
		19C3732527A7F2DA0021A708 /* rankkmat.h */ = {isa = PBXFileReference; lastKnownFileType = sourcecode.c.h; path = rankkmat.h; sourceTree = "<group>"; };
		19C3732627A7F2DA0021A708 /* rankkmat.c */ = {isa = PBXFileReference; lastKnownFileType = sourcecode.c.c; path = rankkmat.c; sourceTree = "<group>"; };
		19C3732827A9063E0021A708 /* data2.h */ = {isa = PBXFileReference; fileEncoding = 4; lastKnownFileType = sourcecode.c.h; path = data2.h; sourceTree = "<group>"; };
		19C3732927A98B0D0021A708 /* dsdplanczos.h */ = {isa = PBXFileReference; lastKnownFileType = sourcecode.c.h; path = dsdplanczos.h; sourceTree = "<group>"; };
		19C3732A27A98B0D0021A708 /* dsdplanczos.c */ = {isa = PBXFileReference; lastKnownFileType = sourcecode.c.c; path = dsdplanczos.c; sourceTree = "<group>"; };
		19C3BBD82794032000F0331B /* dsdplog.h */ = {isa = PBXFileReference; lastKnownFileType = sourcecode.c.h; path = dsdplog.h; sourceTree = "<group>"; };
		19C3BBD92794032000F0331B /* dsdplog.c */ = {isa = PBXFileReference; lastKnownFileType = sourcecode.c.c; path = dsdplog.c; sourceTree = "<group>"; };
		19C3BBDB2794539600F0331B /* dsdpdinfeas.h */ = {isa = PBXFileReference; lastKnownFileType = sourcecode.c.h; path = dsdpdinfeas.h; sourceTree = "<group>"; };
		19C3BBDC2794539600F0331B /* dsdpdinfeas.c */ = {isa = PBXFileReference; lastKnownFileType = sourcecode.c.c; path = dsdpdinfeas.c; sourceTree = "<group>"; };
		19C3BBDE279453F200F0331B /* dsdpinitializer.h */ = {isa = PBXFileReference; lastKnownFileType = sourcecode.c.h; path = dsdpinitializer.h; sourceTree = "<group>"; };
		19C3BBDF279453F200F0331B /* dsdpinitializer.c */ = {isa = PBXFileReference; lastKnownFileType = sourcecode.c.c; path = dsdpinitializer.c; sourceTree = "<group>"; };
		19C3BBE1279454D600F0331B /* dsdputils.h */ = {isa = PBXFileReference; lastKnownFileType = sourcecode.c.h; path = dsdputils.h; sourceTree = "<group>"; };
		19C3BBE2279454D600F0331B /* dsdputils.c */ = {isa = PBXFileReference; lastKnownFileType = sourcecode.c.c; path = dsdputils.c; sourceTree = "<group>"; };
		19C3BBE42795054900F0331B /* dsdpproxmeasure.h */ = {isa = PBXFileReference; lastKnownFileType = sourcecode.c.h; path = dsdpproxmeasure.h; sourceTree = "<group>"; };
		19C3BBE52795054900F0331B /* dsdpproxmeasure.c */ = {isa = PBXFileReference; lastKnownFileType = sourcecode.c.c; path = dsdpproxmeasure.c; sourceTree = "<group>"; };
		19C3BC03279527BA00F0331B /* dsdppfeascheck.h */ = {isa = PBXFileReference; lastKnownFileType = sourcecode.c.h; path = dsdppfeascheck.h; sourceTree = "<group>"; };
		19C3BC04279527BA00F0331B /* dsdppfeascheck.c */ = {isa = PBXFileReference; lastKnownFileType = sourcecode.c.c; path = dsdppfeascheck.c; sourceTree = "<group>"; };
		19C9AA182862BA2400258135 /* dsdpoutput.h */ = {isa = PBXFileReference; lastKnownFileType = sourcecode.c.h; path = dsdpoutput.h; sourceTree = "<group>"; };
		19C9AA192862BA2400258135 /* dsdpoutput.c */ = {isa = PBXFileReference; lastKnownFileType = sourcecode.c.c; path = dsdpoutput.c; sourceTree = "<group>"; };
		19D864022890FB51002D5A7E /* linsysconfig.h */ = {isa = PBXFileReference; lastKnownFileType = sourcecode.c.h; path = linsysconfig.h; sourceTree = "<group>"; };
		19D864032890FB51002D5A7E /* linsysconfig.c */ = {isa = PBXFileReference; lastKnownFileType = sourcecode.c.c; path = linsysconfig.c; sourceTree = "<group>"; };
		19F11959275A627B0051D808 /* stepdirection.h */ = {isa = PBXFileReference; lastKnownFileType = sourcecode.c.h; path = stepdirection.h; sourceTree = "<group>"; };
		19F1195A275A627B0051D808 /* stepdirection.c */ = {isa = PBXFileReference; lastKnownFileType = sourcecode.c.c; path = stepdirection.c; sourceTree = "<group>"; };
		19F1195C275A9A260051D808 /* dsdpfeast.h */ = {isa = PBXFileReference; lastKnownFileType = sourcecode.c.h; path = dsdpfeast.h; sourceTree = "<group>"; };
/* End PBXFileReference section */

/* Begin PBXFrameworksBuildPhase section */
		19118D832737B6CF00D51D03 /* Frameworks */ = {
			isa = PBXFrameworksBuildPhase;
			buildActionMask = 2147483647;
			files = (
				1997805327CF6426006B7E6A /* libmkl_intel_lp64.1.dylib in Frameworks */,
				1971D5FE285B182600690C39 /* libiomp5.dylib in Frameworks */,
				1971D5F7285B091500690C39 /* libmkl_intel_thread.1.dylib in Frameworks */,
				1997805427CF6426006B7E6A /* libmkl_core.1.dylib in Frameworks */,
			);
			runOnlyForDeploymentPostprocessing = 0;
		};
/* End PBXFrameworksBuildPhase section */

/* Begin PBXGroup section */
		19118D7D2737B6CF00D51D03 = {
			isa = PBXGroup;
			children = (
				19118D882737B6CF00D51D03 /* DSDP6 */,
				19118D872737B6CF00D51D03 /* Products */,
				199220742737D86C00DD975D /* Frameworks */,
			);
			sourceTree = "<group>";
		};
		19118D872737B6CF00D51D03 /* Products */ = {
			isa = PBXGroup;
			children = (
				19118D862737B6CF00D51D03 /* DSDP6 */,
			);
			name = Products;
			sourceTree = "<group>";
		};
		19118D882737B6CF00D51D03 /* DSDP6 */ = {
			isa = PBXGroup;
			children = (
				19118DA62737B72800D51D03 /* externals */,
				19118DA32737B72800D51D03 /* include */,
				19118DE32737B72800D51D03 /* interface */,
				19118D902737B72800D51D03 /* src */,
				19118DE12737B72800D51D03 /* test */,
			);
			path = DSDP6;
			sourceTree = "<group>";
		};
		19118D902737B72800D51D03 /* src */ = {
			isa = PBXGroup;
			children = (
				19808F4027380A840014086F /* presolve */,
				19808F3C2738074F0014086F /* data */,
				19118D912737B72800D51D03 /* dsalg */,
				19118D9A2737B72800D51D03 /* linsys */,
			);
			path = src;
			sourceTree = "<group>";
		};
		19118D912737B72800D51D03 /* dsalg */ = {
			isa = PBXGroup;
			children = (
				19C3BBE1279454D600F0331B /* dsdputils.h */,
				199F256D2824AA4300D6B778 /* heurpool.h */,
				197A770427C7889A00D3A50B /* symschur.h */,
				1924445B27E9E07200C99F42 /* dsdpcorrector.h */,
				19C3BC03279527BA00F0331B /* dsdppfeascheck.h */,
				19118D992737B72800D51D03 /* schurmatops.h */,
				19118D932737B72800D51D03 /* stepheur.h */,
				1950371427B625C400C723FC /* dsdppsol.h */,
				19F11959275A627B0051D808 /* stepdirection.h */,
				19C3BBDB2794539600F0331B /* dsdpdinfeas.h */,
				19C3BBDE279453F200F0331B /* dsdpinitializer.h */,
				19C3BBE42795054900F0331B /* dsdpproxmeasure.h */,
				1985AC3B279B9DB400B7B8EB /* dsdppfeas.h */,
				19C3BBE2279454D600F0331B /* dsdputils.c */,
				199F256E2826377600D6B778 /* heurpool.c */,
				197A770527C7889A00D3A50B /* symschur.c */,
				1924445C27E9E07200C99F42 /* dsdpcorrector.c */,
				19118D972737B72800D51D03 /* stepheur.c */,
				19C3BC04279527BA00F0331B /* dsdppfeascheck.c */,
				19F1195A275A627B0051D808 /* stepdirection.c */,
				19C3BBDC2794539600F0331B /* dsdpdinfeas.c */,
				19C3BBDF279453F200F0331B /* dsdpinitializer.c */,
				19C3BBE52795054900F0331B /* dsdpproxmeasure.c */,
				19118D942737B72800D51D03 /* schurmatops.c */,
				1985AC3C279B9DB400B7B8EB /* dsdppfeas.c */,
				1950371527B625C400C723FC /* dsdppsol.c */,
			);
			path = dsalg;
			sourceTree = "<group>";
		};
		19118D9A2737B72800D51D03 /* linsys */ = {
			isa = PBXGroup;
			children = (
				19F1195C275A9A260051D808 /* dsdpfeast.h */,
				19118DA42737B72800D51D03 /* dsdppardiso.h */,
				19BACAF1274EAE4500E987FD /* structs.h */,
				19C3732927A98B0D0021A708 /* dsdplanczos.h */,
				19118D9C2737B72800D51D03 /* vec.h */,
				19118D9D2737B72800D51D03 /* sparsemat.h */,
				19118D9E2737B72800D51D03 /* densemat.h */,
				19808F44273817510014086F /* rankonemat.h */,
				1982375F2802B966005F85B4 /* schurmat.h */,
				19C3732527A7F2DA0021A708 /* rankkmat.h */,
				1901C7F027B15FB30046EFB2 /* dsdpcg.h */,
				19BCF80F282179D3000B6AC5 /* speigs.h */,
				19118D9F2737B72800D51D03 /* vec.c */,
				19118DA12737B72800D51D03 /* densemat.c */,
				19118DA22737B72800D51D03 /* sparsemat.c */,
				19808F45273817510014086F /* rankonemat.c */,
				19C3732627A7F2DA0021A708 /* rankkmat.c */,
				198237602802B966005F85B4 /* schurmat.c */,
				19C3732A27A98B0D0021A708 /* dsdplanczos.c */,
				1901C7F127B15FB30046EFB2 /* dsdpcg.c */,
				19BCF810282179D3000B6AC5 /* speigs.c */,
				19D864022890FB51002D5A7E /* linsysconfig.h */,
				19D864032890FB51002D5A7E /* linsysconfig.c */,
			);
			path = linsys;
			sourceTree = "<group>";
		};
		19118DA32737B72800D51D03 /* include */ = {
			isa = PBXGroup;
			children = (
				19118DA52737B72800D51D03 /* dsdplapack.h */,
			);
			path = include;
			sourceTree = "<group>";
		};
		19118DA62737B72800D51D03 /* externals */ = {
			isa = PBXGroup;
			children = (
				19118DA82737B72800D51D03 /* config.c */,
				19118DA92737B72800D51D03 /* config.h */,
				19118DD82737B72800D51D03 /* cs.h */,
				199CB0732875604600799285 /* cs.c */,
			);
			path = externals;
			sourceTree = "<group>";
		};
		19118DE12737B72800D51D03 /* test */ = {
			isa = PBXGroup;
			children = (
				19C3732827A9063E0021A708 /* data2.h */,
				1947DC1E2799B66B004065D8 /* data.h */,
				19C1E9D42768E707000FCBF9 /* SDPdata.h */,
				19808F392737FEDA0014086F /* test.h */,
			);
			path = test;
			sourceTree = "<group>";
		};
		19118DE32737B72800D51D03 /* interface */ = {
			isa = PBXGroup;
			children = (
				19118DE22737B72800D51D03 /* main.c */,
				19118DE52737B72800D51D03 /* dsdphsd.h */,
				19C9AA182862BA2400258135 /* dsdpoutput.h */,
				19808F47273833760014086F /* dsdpparam.h */,
				19BEEC2A2757F14A00C36C9E /* dsdpsolver.h */,
				19C3BBD82794032000F0331B /* dsdplog.h */,
				1905E06127C4AD240020D1B2 /* dsdpstats.h */,
				1934771127B7E1A00048A772 /* dsdpreadsdpa.h */,
				19118DE42737B72800D51D03 /* dsdphsd.c */,
				19C3BBD92794032000F0331B /* dsdplog.c */,
				1905E06227C4AD240020D1B2 /* dsdpstats.c */,
				19ABC01127C09F6B00105887 /* dsdpparam.c */,
				1934771227B7E1A00048A772 /* dsdpreadsdpa.c */,
				19C9AA192862BA2400258135 /* dsdpoutput.c */,
			);
			path = interface;
			sourceTree = "<group>";
		};
		19808F3C2738074F0014086F /* data */ = {
			isa = PBXGroup;
			children = (
				19808F3D273807770014086F /* dsdpdata.h */,
				195EE4C527B92AD400065A4B /* dsdpsort.h */,
				19808F3E273807770014086F /* dsdpdata.c */,
				195EE4C627B92AD400065A4B /* dsdpsort.c */,
			);
			path = data;
			sourceTree = "<group>";
		};
		19808F4027380A840014086F /* presolve */ = {
			isa = PBXGroup;
			children = (
				19808F4127380A990014086F /* dsdppresolve.h */,
				19808F4227380A990014086F /* dsdppresolve.c */,
			);
			path = presolve;
			sourceTree = "<group>";
		};
		199220742737D86C00DD975D /* Frameworks */ = {
			isa = PBXGroup;
			children = (
				1971D5F9285B093000690C39 /* libiomp5.dylib */,
				1971D5F5285B08E100690C39 /* libmkl_intel_thread.a */,
				1997805227CF6426006B7E6A /* libmkl_core.1.dylib */,
				1997805127CF6426006B7E6A /* libmkl_intel_lp64.1.dylib */,
				1997804727CF5D68006B7E6A /* libiomp5.dylib */,
				1997804127CF5CFB006B7E6A /* libmkl_intel_thread.1.dylib */,
				1997804227CF5CFB006B7E6A /* libmkl_sequential.1.dylib */,
				19B423A5279E849200E35E0B /* libmkl_core.a */,
				19B423A6279E849200E35E0B /* libmkl_intel_lp64.a */,
				19B423A3279E845E00E35E0B /* libmkl_sequential.a */,
				199220842737D8C500DD975D /* libiomp5.dylib */,
				199220782737D8A400DD975D /* libmkl_core.1.dylib */,
				199220792737D8A400DD975D /* libmkl_intel_lp64.1.dylib */,
				199220772737D8A400DD975D /* libmkl_intel_thread.1.dylib */,
				1992207A2737D8A400DD975D /* libmkl_mc3.1.dylib */,
				199220752737D86C00DD975D /* Accelerate.framework */,
			);
			name = Frameworks;
			sourceTree = "<group>";
		};
/* End PBXGroup section */

/* Begin PBXNativeTarget section */
		19118D852737B6CF00D51D03 /* DSDP6 */ = {
			isa = PBXNativeTarget;
			buildConfigurationList = 19118D8D2737B6CF00D51D03 /* Build configuration list for PBXNativeTarget "DSDP6" */;
			buildPhases = (
				19118D832737B6CF00D51D03 /* Frameworks */,
				199220832737D8A400DD975D /* Embed Libraries */,
				19118D822737B6CF00D51D03 /* Sources */,
				19118D842737B6CF00D51D03 /* CopyFiles */,
			);
			buildRules = (
			);
			dependencies = (
			);
			name = DSDP6;
			productName = DSDP6;
			productReference = 19118D862737B6CF00D51D03 /* DSDP6 */;
			productType = "com.apple.product-type.tool";
		};
/* End PBXNativeTarget section */

/* Begin PBXProject section */
		19118D7E2737B6CF00D51D03 /* Project object */ = {
			isa = PBXProject;
			attributes = {
				BuildIndependentTargetsInParallel = YES;
				LastUpgradeCheck = 1310;
				TargetAttributes = {
					19118D852737B6CF00D51D03 = {
						CreatedOnToolsVersion = 13.1;
					};
				};
			};
			buildConfigurationList = 19118D812737B6CF00D51D03 /* Build configuration list for PBXProject "DSDP6" */;
			compatibilityVersion = "Xcode 13.0";
			developmentRegion = en;
			hasScannedForEncodings = 0;
			knownRegions = (
				en,
				Base,
			);
			mainGroup = 19118D7D2737B6CF00D51D03;
			productRefGroup = 19118D872737B6CF00D51D03 /* Products */;
			projectDirPath = "";
			projectRoot = "";
			targets = (
				19118D852737B6CF00D51D03 /* DSDP6 */,
			);
		};
/* End PBXProject section */

/* Begin PBXSourcesBuildPhase section */
		19118D822737B6CF00D51D03 /* Sources */ = {
			isa = PBXSourcesBuildPhase;
			buildActionMask = 2147483647;
			files = (
				19808F4327380A990014086F /* dsdppresolve.c in Sources */,
				19118DEC2737B72800D51D03 /* densemat.c in Sources */,
				1924445D27E9E07300C99F42 /* dsdpcorrector.c in Sources */,
				19118DEB2737B72800D51D03 /* vec.c in Sources */,
				19C3BC05279527BA00F0331B /* dsdppfeascheck.c in Sources */,
				199F256F2826377600D6B778 /* heurpool.c in Sources */,
				19C3BBDA2794032000F0331B /* dsdplog.c in Sources */,
				199CB0742875604600799285 /* cs.c in Sources */,
				19808F46273817510014086F /* rankonemat.c in Sources */,
				19118DE62737B72800D51D03 /* schurmatops.c in Sources */,
				19C3732B27A98B0D0021A708 /* dsdplanczos.c in Sources */,
				19D864042890FB51002D5A7E /* linsysconfig.c in Sources */,
				19C3BBE62795054900F0331B /* dsdpproxmeasure.c in Sources */,
				1905E06327C4AD240020D1B2 /* dsdpstats.c in Sources */,
				1934771327B7E1A00048A772 /* dsdpreadsdpa.c in Sources */,
				19118DED2737B72800D51D03 /* sparsemat.c in Sources */,
				19118E232737B72800D51D03 /* main.c in Sources */,
				19F1195B275A627B0051D808 /* stepdirection.c in Sources */,
				19C3732727A7F2DA0021A708 /* rankkmat.c in Sources */,
				19118E242737B72800D51D03 /* dsdphsd.c in Sources */,
				19808F3F273807770014086F /* dsdpdata.c in Sources */,
				1901C7F227B15FB30046EFB2 /* dsdpcg.c in Sources */,
				19118DEE2737B72800D51D03 /* config.c in Sources */,
				1985AC3D279B9DB400B7B8EB /* dsdppfeas.c in Sources */,
				197A770627C7889A00D3A50B /* symschur.c in Sources */,
				19C9AA1A2862BA2400258135 /* dsdpoutput.c in Sources */,
				19ABC01227C09F6B00105887 /* dsdpparam.c in Sources */,
				19BCF811282179D3000B6AC5 /* speigs.c in Sources */,
				19C3BBDD2794539600F0331B /* dsdpdinfeas.c in Sources */,
				1950371627B625C400C723FC /* dsdppsol.c in Sources */,
				195EE4C727B92AD400065A4B /* dsdpsort.c in Sources */,
				19C3BBE3279454D600F0331B /* dsdputils.c in Sources */,
				198237612802B966005F85B4 /* schurmat.c in Sources */,
				19C3BBE0279453F200F0331B /* dsdpinitializer.c in Sources */,
				19118DE92737B72800D51D03 /* stepheur.c in Sources */,
			);
			runOnlyForDeploymentPostprocessing = 0;
		};
/* End PBXSourcesBuildPhase section */

/* Begin XCBuildConfiguration section */
		19118D8B2737B6CF00D51D03 /* Debug */ = {
			isa = XCBuildConfiguration;
			buildSettings = {
				ALWAYS_SEARCH_USER_PATHS = NO;
				CLANG_ANALYZER_NONNULL = YES;
				CLANG_ANALYZER_NUMBER_OBJECT_CONVERSION = YES_AGGRESSIVE;
				CLANG_CXX_LANGUAGE_STANDARD = "gnu++20";
				CLANG_CXX_LIBRARY = "libc++";
				CLANG_ENABLE_MODULES = YES;
				CLANG_ENABLE_OBJC_ARC = YES;
				CLANG_ENABLE_OBJC_WEAK = YES;
				CLANG_WARN_BLOCK_CAPTURE_AUTORELEASING = YES;
				CLANG_WARN_BOOL_CONVERSION = YES;
				CLANG_WARN_COMMA = YES;
				CLANG_WARN_CONSTANT_CONVERSION = YES;
				CLANG_WARN_DEPRECATED_OBJC_IMPLEMENTATIONS = YES;
				CLANG_WARN_DIRECT_OBJC_ISA_USAGE = YES_ERROR;
				CLANG_WARN_DOCUMENTATION_COMMENTS = YES;
				CLANG_WARN_EMPTY_BODY = YES;
				CLANG_WARN_ENUM_CONVERSION = YES;
				CLANG_WARN_INFINITE_RECURSION = YES;
				CLANG_WARN_INT_CONVERSION = YES;
				CLANG_WARN_NON_LITERAL_NULL_CONVERSION = YES;
				CLANG_WARN_OBJC_IMPLICIT_RETAIN_SELF = YES;
				CLANG_WARN_OBJC_LITERAL_CONVERSION = YES;
				CLANG_WARN_OBJC_ROOT_CLASS = YES_ERROR;
				CLANG_WARN_QUOTED_INCLUDE_IN_FRAMEWORK_HEADER = YES;
				CLANG_WARN_RANGE_LOOP_ANALYSIS = YES;
				CLANG_WARN_STRICT_PROTOTYPES = YES;
				CLANG_WARN_SUSPICIOUS_MOVE = YES;
				CLANG_WARN_UNGUARDED_AVAILABILITY = YES_AGGRESSIVE;
				CLANG_WARN_UNREACHABLE_CODE = YES;
				CLANG_WARN__DUPLICATE_METHOD_MATCH = YES;
				COPY_PHASE_STRIP = NO;
				DEBUG_INFORMATION_FORMAT = "dwarf-with-dsym";
				ENABLE_STRICT_OBJC_MSGSEND = YES;
				ENABLE_TESTABILITY = YES;
				GCC_C_LANGUAGE_STANDARD = gnu11;
				GCC_DYNAMIC_NO_PIC = NO;
				GCC_NO_COMMON_BLOCKS = YES;
				GCC_OPTIMIZATION_LEVEL = fast;
				GCC_PREPROCESSOR_DEFINITIONS = (
					"DEBUG=1",
					"$(inherited)",
				);
				GCC_WARN_64_TO_32_BIT_CONVERSION = YES;
				GCC_WARN_ABOUT_RETURN_TYPE = YES_ERROR;
				GCC_WARN_UNDECLARED_SELECTOR = YES;
				GCC_WARN_UNINITIALIZED_AUTOS = YES_AGGRESSIVE;
				GCC_WARN_UNUSED_FUNCTION = YES;
				GCC_WARN_UNUSED_VARIABLE = YES;
				MACOSX_DEPLOYMENT_TARGET = 11.2;
				MTL_ENABLE_DEBUG_INFO = INCLUDE_SOURCE;
				MTL_FAST_MATH = YES;
				ONLY_ACTIVE_ARCH = YES;
				SDKROOT = macosx;
			};
			name = Debug;
		};
		19118D8C2737B6CF00D51D03 /* Release */ = {
			isa = XCBuildConfiguration;
			buildSettings = {
				ALWAYS_SEARCH_USER_PATHS = NO;
				CLANG_ANALYZER_NONNULL = YES;
				CLANG_ANALYZER_NUMBER_OBJECT_CONVERSION = YES_AGGRESSIVE;
				CLANG_CXX_LANGUAGE_STANDARD = "gnu++20";
				CLANG_CXX_LIBRARY = "libc++";
				CLANG_ENABLE_MODULES = YES;
				CLANG_ENABLE_OBJC_ARC = YES;
				CLANG_ENABLE_OBJC_WEAK = YES;
				CLANG_WARN_BLOCK_CAPTURE_AUTORELEASING = YES;
				CLANG_WARN_BOOL_CONVERSION = YES;
				CLANG_WARN_COMMA = YES;
				CLANG_WARN_CONSTANT_CONVERSION = YES;
				CLANG_WARN_DEPRECATED_OBJC_IMPLEMENTATIONS = YES;
				CLANG_WARN_DIRECT_OBJC_ISA_USAGE = YES_ERROR;
				CLANG_WARN_DOCUMENTATION_COMMENTS = YES;
				CLANG_WARN_EMPTY_BODY = YES;
				CLANG_WARN_ENUM_CONVERSION = YES;
				CLANG_WARN_INFINITE_RECURSION = YES;
				CLANG_WARN_INT_CONVERSION = YES;
				CLANG_WARN_NON_LITERAL_NULL_CONVERSION = YES;
				CLANG_WARN_OBJC_IMPLICIT_RETAIN_SELF = YES;
				CLANG_WARN_OBJC_LITERAL_CONVERSION = YES;
				CLANG_WARN_OBJC_ROOT_CLASS = YES_ERROR;
				CLANG_WARN_QUOTED_INCLUDE_IN_FRAMEWORK_HEADER = YES;
				CLANG_WARN_RANGE_LOOP_ANALYSIS = YES;
				CLANG_WARN_STRICT_PROTOTYPES = YES;
				CLANG_WARN_SUSPICIOUS_MOVE = YES;
				CLANG_WARN_UNGUARDED_AVAILABILITY = YES_AGGRESSIVE;
				CLANG_WARN_UNREACHABLE_CODE = YES;
				CLANG_WARN__DUPLICATE_METHOD_MATCH = YES;
				COPY_PHASE_STRIP = NO;
				DEBUG_INFORMATION_FORMAT = dwarf;
				ENABLE_NS_ASSERTIONS = NO;
				ENABLE_STRICT_OBJC_MSGSEND = YES;
				GCC_C_LANGUAGE_STANDARD = gnu11;
				GCC_NO_COMMON_BLOCKS = YES;
				GCC_OPTIMIZATION_LEVEL = fast;
				GCC_WARN_64_TO_32_BIT_CONVERSION = YES;
				GCC_WARN_ABOUT_RETURN_TYPE = YES_ERROR;
				GCC_WARN_UNDECLARED_SELECTOR = YES;
				GCC_WARN_UNINITIALIZED_AUTOS = YES_AGGRESSIVE;
				GCC_WARN_UNUSED_FUNCTION = YES;
				GCC_WARN_UNUSED_VARIABLE = YES;
				MACOSX_DEPLOYMENT_TARGET = 11.2;
				MTL_ENABLE_DEBUG_INFO = NO;
				MTL_FAST_MATH = YES;
				ONLY_ACTIVE_ARCH = YES;
				SDKROOT = macosx;
			};
			name = Release;
		};
		19118D8E2737B6CF00D51D03 /* Debug */ = {
			isa = XCBuildConfiguration;
			buildSettings = {
				CODE_SIGN_STYLE = Automatic;
				DEBUG_INFORMATION_FORMAT = "dwarf-with-dsym";
				GCC_OPTIMIZATION_LEVEL = fast;
				"HEADER_SEARCH_PATHS[arch=*]" = "./DSDP6/**";
				LIBRARY_SEARCH_PATHS = (
					"$(inherited)",
					/opt/intel/oneapi/mkl/2021.2.0/lib,
					/opt/intel/oneapi/compiler/2021.2.0/mac/compiler/lib,
					/opt/intel/oneapi/compiler/2022.0.0/mac/compiler/lib,
				);
				PRODUCT_NAME = "$(TARGET_NAME)";
			};
			name = Debug;
		};
		19118D8F2737B6CF00D51D03 /* Release */ = {
			isa = XCBuildConfiguration;
			buildSettings = {
				CODE_SIGN_STYLE = Automatic;
				DEBUG_INFORMATION_FORMAT = "dwarf-with-dsym";
				GCC_OPTIMIZATION_LEVEL = fast;
				HEADER_SEARCH_PATHS = "./DSDP6/**";
				LIBRARY_SEARCH_PATHS = (
					"$(inherited)",
					/opt/intel/oneapi/mkl/2021.2.0/lib,
					/opt/intel/oneapi/compiler/2021.2.0/mac/compiler/lib,
					/opt/intel/oneapi/compiler/2022.0.0/mac/compiler/lib,
				);
				PRODUCT_NAME = "$(TARGET_NAME)";
			};
			name = Release;
		};
/* End XCBuildConfiguration section */

/* Begin XCConfigurationList section */
		19118D812737B6CF00D51D03 /* Build configuration list for PBXProject "DSDP6" */ = {
			isa = XCConfigurationList;
			buildConfigurations = (
				19118D8B2737B6CF00D51D03 /* Debug */,
				19118D8C2737B6CF00D51D03 /* Release */,
			);
			defaultConfigurationIsVisible = 0;
			defaultConfigurationName = Release;
		};
		19118D8D2737B6CF00D51D03 /* Build configuration list for PBXNativeTarget "DSDP6" */ = {
			isa = XCConfigurationList;
			buildConfigurations = (
				19118D8E2737B6CF00D51D03 /* Debug */,
				19118D8F2737B6CF00D51D03 /* Release */,
			);
			defaultConfigurationIsVisible = 0;
			defaultConfigurationName = Release;
		};
/* End XCConfigurationList section */
	};
	rootObject = 19118D7E2737B6CF00D51D03 /* Project object */;
}
