// !$*UTF8*$!
{
	archiveVersion = 1;
	classes = {
	};
	objectVersion = 56;
	objects = {

/* Begin PBXBuildFile section */
		192D10CB292544990054068A /* main.c in Sources */ = {isa = PBXBuildFile; fileRef = 192D10CA292544990054068A /* main.c */; };
		192D10D72925455F0054068A /* sparse_opts.c in Sources */ = {isa = PBXBuildFile; fileRef = 192D10D62925455F0054068A /* sparse_opts.c */; };
		192D10DB292546DE0054068A /* vec_opts.c in Sources */ = {isa = PBXBuildFile; fileRef = 192D10DA292546DE0054068A /* vec_opts.c */; };
		196D05BC29324A4400247357 /* def_hdsdp_conic.h in Sources */ = {isa = PBXBuildFile; fileRef = 196D05BB2931F4FE00247357 /* def_hdsdp_conic.h */; };
		19B174FF2937DF2D004CBA56 /* dense_opts.c in Sources */ = {isa = PBXBuildFile; fileRef = 19B174FE2937DF2D004CBA56 /* dense_opts.c */; };
		19B175082937E9BD004CBA56 /* r1_opts.c in Sources */ = {isa = PBXBuildFile; fileRef = 19B175072937E9BD004CBA56 /* r1_opts.c */; };
		19C898E72931C53E00C9961F /* Accelerate.framework in Frameworks */ = {isa = PBXBuildFile; fileRef = 19C898E62931C53E00C9961F /* Accelerate.framework */; };
		19C898EA2931C55D00C9961F /* hdsdp_sdpdata.c in Sources */ = {isa = PBXBuildFile; fileRef = 19C898E92931C55D00C9961F /* hdsdp_sdpdata.c */; };
		19C898EE2931C58100C9961F /* hdsdp_utils.c in Sources */ = {isa = PBXBuildFile; fileRef = 19C898ED2931C58100C9961F /* hdsdp_utils.c */; };
		19C898F62931EE8800C9961F /* hdsdp_conic.c in Sources */ = {isa = PBXBuildFile; fileRef = 19C898F52931EE8800C9961F /* hdsdp_conic.c */; };
		19FC25092934B5FD00D625EA /* hdsdp_conic_sdp.c in Sources */ = {isa = PBXBuildFile; fileRef = 19FC25082934B5FD00D625EA /* hdsdp_conic_sdp.c */; };
		19FC250B2934B8F100D625EA /* hdsdp.h in Sources */ = {isa = PBXBuildFile; fileRef = 19C898EC2931C58100C9961F /* hdsdp.h */; };
		19FC250C2934BC9300D625EA /* def_hdsdp_sdpdata.h in Sources */ = {isa = PBXBuildFile; fileRef = 19FC250A2934B66600D625EA /* def_hdsdp_sdpdata.h */; };
		19FC250F2934C9D200D625EA /* hdsdp_user_data.c in Sources */ = {isa = PBXBuildFile; fileRef = 19FC250E2934C9D200D625EA /* hdsdp_user_data.c */; };
		19FC25112935FA8C00D625EA /* hdsdp.c in Sources */ = {isa = PBXBuildFile; fileRef = 19FC25102935FA8C00D625EA /* hdsdp.c */; };
/* End PBXBuildFile section */

/* Begin PBXCopyFilesBuildPhase section */
		192D10C5292544990054068A /* CopyFiles */ = {
			isa = PBXCopyFilesBuildPhase;
			buildActionMask = 2147483647;
			dstPath = /usr/share/man/man1/;
			dstSubfolderSpec = 0;
			files = (
			);
			runOnlyForDeploymentPostprocessing = 1;
		};
/* End PBXCopyFilesBuildPhase section */

/* Begin PBXFileReference section */
		192D10C7292544990054068A /* hdsdp */ = {isa = PBXFileReference; explicitFileType = "compiled.mach-o.executable"; includeInIndex = 0; path = hdsdp; sourceTree = BUILT_PRODUCTS_DIR; };
		192D10CA292544990054068A /* main.c */ = {isa = PBXFileReference; lastKnownFileType = sourcecode.c.c; path = main.c; sourceTree = "<group>"; };
		192D10D52925455F0054068A /* sparse_opts.h */ = {isa = PBXFileReference; lastKnownFileType = sourcecode.c.h; path = sparse_opts.h; sourceTree = "<group>"; };
		192D10D62925455F0054068A /* sparse_opts.c */ = {isa = PBXFileReference; lastKnownFileType = sourcecode.c.c; path = sparse_opts.c; sourceTree = "<group>"; };
		192D10D9292546DE0054068A /* vec_opts.h */ = {isa = PBXFileReference; lastKnownFileType = sourcecode.c.h; path = vec_opts.h; sourceTree = "<group>"; };
		192D10DA292546DE0054068A /* vec_opts.c */ = {isa = PBXFileReference; lastKnownFileType = sourcecode.c.c; path = vec_opts.c; sourceTree = "<group>"; };
		196D05BB2931F4FE00247357 /* def_hdsdp_conic.h */ = {isa = PBXFileReference; fileEncoding = 4; lastKnownFileType = sourcecode.c.h; path = def_hdsdp_conic.h; sourceTree = "<group>"; };
		198742F5293A3E1E00E42C82 /* def_hdsdp_user_data.h */ = {isa = PBXFileReference; lastKnownFileType = sourcecode.c.h; path = def_hdsdp_user_data.h; sourceTree = "<group>"; };
		19B174FD2937DF2D004CBA56 /* dense_opts.h */ = {isa = PBXFileReference; lastKnownFileType = sourcecode.c.h; path = dense_opts.h; sourceTree = "<group>"; };
		19B174FE2937DF2D004CBA56 /* dense_opts.c */ = {isa = PBXFileReference; lastKnownFileType = sourcecode.c.c; path = dense_opts.c; sourceTree = "<group>"; };
		19B175062937E9BD004CBA56 /* r1_opts.h */ = {isa = PBXFileReference; lastKnownFileType = sourcecode.c.h; path = r1_opts.h; sourceTree = "<group>"; };
		19B175072937E9BD004CBA56 /* r1_opts.c */ = {isa = PBXFileReference; lastKnownFileType = sourcecode.c.c; path = r1_opts.c; sourceTree = "<group>"; };
		19C898E62931C53E00C9961F /* Accelerate.framework */ = {isa = PBXFileReference; lastKnownFileType = wrapper.framework; name = Accelerate.framework; path = System/Library/Frameworks/Accelerate.framework; sourceTree = SDKROOT; };
		19C898E82931C55D00C9961F /* hdsdp_sdpdata.h */ = {isa = PBXFileReference; fileEncoding = 4; lastKnownFileType = sourcecode.c.h; path = hdsdp_sdpdata.h; sourceTree = "<group>"; };
		19C898E92931C55D00C9961F /* hdsdp_sdpdata.c */ = {isa = PBXFileReference; fileEncoding = 4; lastKnownFileType = sourcecode.c.c; path = hdsdp_sdpdata.c; sourceTree = "<group>"; };
		19C898EB2931C58100C9961F /* hdsdp_utils.h */ = {isa = PBXFileReference; fileEncoding = 4; lastKnownFileType = sourcecode.c.h; path = hdsdp_utils.h; sourceTree = "<group>"; };
		19C898EC2931C58100C9961F /* hdsdp.h */ = {isa = PBXFileReference; fileEncoding = 4; lastKnownFileType = sourcecode.c.h; path = hdsdp.h; sourceTree = "<group>"; };
		19C898ED2931C58100C9961F /* hdsdp_utils.c */ = {isa = PBXFileReference; fileEncoding = 4; lastKnownFileType = sourcecode.c.c; path = hdsdp_utils.c; sourceTree = "<group>"; };
		19C898F42931EE8800C9961F /* hdsdp_conic.h */ = {isa = PBXFileReference; lastKnownFileType = sourcecode.c.h; path = hdsdp_conic.h; sourceTree = "<group>"; };
		19C898F52931EE8800C9961F /* hdsdp_conic.c */ = {isa = PBXFileReference; lastKnownFileType = sourcecode.c.c; path = hdsdp_conic.c; sourceTree = "<group>"; };
		19FC25072934B5FD00D625EA /* hdsdp_conic_sdp.h */ = {isa = PBXFileReference; lastKnownFileType = sourcecode.c.h; path = hdsdp_conic_sdp.h; sourceTree = "<group>"; };
		19FC25082934B5FD00D625EA /* hdsdp_conic_sdp.c */ = {isa = PBXFileReference; lastKnownFileType = sourcecode.c.c; path = hdsdp_conic_sdp.c; sourceTree = "<group>"; };
		19FC250A2934B66600D625EA /* def_hdsdp_sdpdata.h */ = {isa = PBXFileReference; lastKnownFileType = sourcecode.c.h; path = def_hdsdp_sdpdata.h; sourceTree = "<group>"; };
		19FC250D2934C9D200D625EA /* hdsdp_user_data.h */ = {isa = PBXFileReference; lastKnownFileType = sourcecode.c.h; path = hdsdp_user_data.h; sourceTree = "<group>"; };
		19FC250E2934C9D200D625EA /* hdsdp_user_data.c */ = {isa = PBXFileReference; lastKnownFileType = sourcecode.c.c; path = hdsdp_user_data.c; sourceTree = "<group>"; };
		19FC25102935FA8C00D625EA /* hdsdp.c */ = {isa = PBXFileReference; lastKnownFileType = sourcecode.c.c; path = hdsdp.c; sourceTree = "<group>"; };
/* End PBXFileReference section */

/* Begin PBXFrameworksBuildPhase section */
		192D10C4292544990054068A /* Frameworks */ = {
			isa = PBXFrameworksBuildPhase;
			buildActionMask = 2147483647;
			files = (
				19C898E72931C53E00C9961F /* Accelerate.framework in Frameworks */,
			);
			runOnlyForDeploymentPostprocessing = 0;
		};
/* End PBXFrameworksBuildPhase section */

/* Begin PBXGroup section */
		192D10BE292544980054068A = {
			isa = PBXGroup;
			children = (
				192D10C9292544990054068A /* hdsdp */,
				192D10C8292544990054068A /* Products */,
				19C898E52931C53E00C9961F /* Frameworks */,
			);
			sourceTree = "<group>";
		};
		192D10C8292544990054068A /* Products */ = {
			isa = PBXGroup;
			children = (
				192D10C7292544990054068A /* hdsdp */,
			);
			name = Products;
			sourceTree = "<group>";
		};
		192D10C9292544990054068A /* hdsdp */ = {
			isa = PBXGroup;
			children = (
				192D10CA292544990054068A /* main.c */,
				192D10D8292545730054068A /* structures */,
				192D10D4292545090054068A /* external */,
				192D10D3292544DB0054068A /* potalg */,
				192D10D2292544BC0054068A /* interface */,
				192D10D1292544B00054068A /* linalg */,
			);
			path = hdsdp;
			sourceTree = "<group>";
		};
		192D10D1292544B00054068A /* linalg */ = {
			isa = PBXGroup;
			children = (
				19FC250A2934B66600D625EA /* def_hdsdp_sdpdata.h */,
				19C898E92931C55D00C9961F /* hdsdp_sdpdata.c */,
				19C898E82931C55D00C9961F /* hdsdp_sdpdata.h */,
				19B175062937E9BD004CBA56 /* r1_opts.h */,
				19B175072937E9BD004CBA56 /* r1_opts.c */,
				19B174FD2937DF2D004CBA56 /* dense_opts.h */,
				19B174FE2937DF2D004CBA56 /* dense_opts.c */,
				192D10D52925455F0054068A /* sparse_opts.h */,
				192D10D62925455F0054068A /* sparse_opts.c */,
				192D10D9292546DE0054068A /* vec_opts.h */,
				192D10DA292546DE0054068A /* vec_opts.c */,
			);
			path = linalg;
			sourceTree = "<group>";
		};
		192D10D2292544BC0054068A /* interface */ = {
			isa = PBXGroup;
			children = (
				19FC25102935FA8C00D625EA /* hdsdp.c */,
				196D05BB2931F4FE00247357 /* def_hdsdp_conic.h */,
				19C898F42931EE8800C9961F /* hdsdp_conic.h */,
				19C898F52931EE8800C9961F /* hdsdp_conic.c */,
				19C898EC2931C58100C9961F /* hdsdp.h */,
				19C898ED2931C58100C9961F /* hdsdp_utils.c */,
				19C898EB2931C58100C9961F /* hdsdp_utils.h */,
				19FC25072934B5FD00D625EA /* hdsdp_conic_sdp.h */,
				19FC25082934B5FD00D625EA /* hdsdp_conic_sdp.c */,
				19FC250D2934C9D200D625EA /* hdsdp_user_data.h */,
				198742F5293A3E1E00E42C82 /* def_hdsdp_user_data.h */,
				19FC250E2934C9D200D625EA /* hdsdp_user_data.c */,
			);
			path = interface;
			sourceTree = "<group>";
		};
		192D10D3292544DB0054068A /* potalg */ = {
			isa = PBXGroup;
			children = (
			);
			path = potalg;
			sourceTree = "<group>";
		};
		192D10D4292545090054068A /* external */ = {
			isa = PBXGroup;
			children = (
			);
			path = external;
			sourceTree = "<group>";
		};
		192D10D8292545730054068A /* structures */ = {
			isa = PBXGroup;
			children = (
			);
			path = structures;
			sourceTree = "<group>";
		};
		19C898E52931C53E00C9961F /* Frameworks */ = {
			isa = PBXGroup;
			children = (
				19C898E62931C53E00C9961F /* Accelerate.framework */,
			);
			name = Frameworks;
			sourceTree = "<group>";
		};
/* End PBXGroup section */

/* Begin PBXNativeTarget section */
		192D10C6292544990054068A /* hdsdp */ = {
			isa = PBXNativeTarget;
			buildConfigurationList = 192D10CE292544990054068A /* Build configuration list for PBXNativeTarget "hdsdp" */;
			buildPhases = (
				192D10C3292544990054068A /* Sources */,
				192D10C4292544990054068A /* Frameworks */,
				192D10C5292544990054068A /* CopyFiles */,
			);
			buildRules = (
			);
			dependencies = (
			);
			name = hdsdp;
			productName = hdsdp;
			productReference = 192D10C7292544990054068A /* hdsdp */;
			productType = "com.apple.product-type.tool";
		};
/* End PBXNativeTarget section */

/* Begin PBXProject section */
		192D10BF292544980054068A /* Project object */ = {
			isa = PBXProject;
			attributes = {
				BuildIndependentTargetsInParallel = 1;
				LastUpgradeCheck = 1410;
				TargetAttributes = {
					192D10C6292544990054068A = {
						CreatedOnToolsVersion = 14.1;
					};
				};
			};
			buildConfigurationList = 192D10C2292544980054068A /* Build configuration list for PBXProject "hdsdp" */;
			compatibilityVersion = "Xcode 14.0";
			developmentRegion = en;
			hasScannedForEncodings = 0;
			knownRegions = (
				en,
				Base,
			);
			mainGroup = 192D10BE292544980054068A;
			productRefGroup = 192D10C8292544990054068A /* Products */;
			projectDirPath = "";
			projectRoot = "";
			targets = (
				192D10C6292544990054068A /* hdsdp */,
			);
		};
/* End PBXProject section */

/* Begin PBXSourcesBuildPhase section */
		192D10C3292544990054068A /* Sources */ = {
			isa = PBXSourcesBuildPhase;
			buildActionMask = 2147483647;
			files = (
				19B174FF2937DF2D004CBA56 /* dense_opts.c in Sources */,
				192D10CB292544990054068A /* main.c in Sources */,
				19B175082937E9BD004CBA56 /* r1_opts.c in Sources */,
				192D10D72925455F0054068A /* sparse_opts.c in Sources */,
				192D10DB292546DE0054068A /* vec_opts.c in Sources */,
				19FC25112935FA8C00D625EA /* hdsdp.c in Sources */,
				19C898EA2931C55D00C9961F /* hdsdp_sdpdata.c in Sources */,
				19FC250F2934C9D200D625EA /* hdsdp_user_data.c in Sources */,
				19C898F62931EE8800C9961F /* hdsdp_conic.c in Sources */,
				19C898EE2931C58100C9961F /* hdsdp_utils.c in Sources */,
				19FC25092934B5FD00D625EA /* hdsdp_conic_sdp.c in Sources */,
				19FC250B2934B8F100D625EA /* hdsdp.h in Sources */,
				19FC250C2934BC9300D625EA /* def_hdsdp_sdpdata.h in Sources */,
				196D05BC29324A4400247357 /* def_hdsdp_conic.h in Sources */,
			);
			runOnlyForDeploymentPostprocessing = 0;
		};
/* End PBXSourcesBuildPhase section */

/* Begin XCBuildConfiguration section */
		192D10CC292544990054068A /* Debug */ = {
			isa = XCBuildConfiguration;
			buildSettings = {
				ALWAYS_SEARCH_USER_PATHS = NO;
				CLANG_ANALYZER_NONNULL = YES;
				CLANG_ANALYZER_NUMBER_OBJECT_CONVERSION = YES_AGGRESSIVE;
				CLANG_CXX_LANGUAGE_STANDARD = "gnu++20";
				CLANG_ENABLE_MODULES = YES;
				CLANG_ENABLE_OBJC_ARC = YES;
				CLANG_ENABLE_OBJC_WEAK = YES;
				CLANG_WARN_BLOCK_CAPTURE_AUTORELEASING = YES;
				CLANG_WARN_BOOL_CONVERSION = YES;
				CLANG_WARN_COMMA = YES;
				CLANG_WARN_CONSTANT_CONVERSION = YES;
				CLANG_WARN_DEPRECATED_OBJC_IMPLEMENTATIONS = YES;
				CLANG_WARN_DIRECT_OBJC_ISA_USAGE = YES_ERROR;
				CLANG_WARN_DOCUMENTATION_COMMENTS = YES;
				CLANG_WARN_EMPTY_BODY = YES;
				CLANG_WARN_ENUM_CONVERSION = YES;
				CLANG_WARN_INFINITE_RECURSION = YES;
				CLANG_WARN_INT_CONVERSION = YES;
				CLANG_WARN_NON_LITERAL_NULL_CONVERSION = YES;
				CLANG_WARN_OBJC_IMPLICIT_RETAIN_SELF = YES;
				CLANG_WARN_OBJC_LITERAL_CONVERSION = YES;
				CLANG_WARN_OBJC_ROOT_CLASS = YES_ERROR;
				CLANG_WARN_QUOTED_INCLUDE_IN_FRAMEWORK_HEADER = YES;
				CLANG_WARN_RANGE_LOOP_ANALYSIS = YES;
				CLANG_WARN_STRICT_PROTOTYPES = YES;
				CLANG_WARN_SUSPICIOUS_MOVE = YES;
				CLANG_WARN_UNGUARDED_AVAILABILITY = YES_AGGRESSIVE;
				CLANG_WARN_UNREACHABLE_CODE = YES;
				CLANG_WARN__DUPLICATE_METHOD_MATCH = YES;
				COPY_PHASE_STRIP = NO;
				DEBUG_INFORMATION_FORMAT = dwarf;
				ENABLE_STRICT_OBJC_MSGSEND = YES;
				ENABLE_TESTABILITY = YES;
				GCC_C_LANGUAGE_STANDARD = gnu11;
				GCC_DYNAMIC_NO_PIC = NO;
				GCC_NO_COMMON_BLOCKS = YES;
				GCC_OPTIMIZATION_LEVEL = 0;
				GCC_PREPROCESSOR_DEFINITIONS = (
					"DEBUG=1",
					"$(inherited)",
				);
				GCC_WARN_64_TO_32_BIT_CONVERSION = YES;
				GCC_WARN_ABOUT_RETURN_TYPE = YES_ERROR;
				GCC_WARN_UNDECLARED_SELECTOR = YES;
				GCC_WARN_UNINITIALIZED_AUTOS = YES_AGGRESSIVE;
				GCC_WARN_UNUSED_FUNCTION = YES;
				GCC_WARN_UNUSED_VARIABLE = YES;
				MACOSX_DEPLOYMENT_TARGET = 13.0;
				MTL_ENABLE_DEBUG_INFO = INCLUDE_SOURCE;
				MTL_FAST_MATH = YES;
				ONLY_ACTIVE_ARCH = YES;
				SDKROOT = macosx;
			};
			name = Debug;
		};
		192D10CD292544990054068A /* Release */ = {
			isa = XCBuildConfiguration;
			buildSettings = {
				ALWAYS_SEARCH_USER_PATHS = NO;
				CLANG_ANALYZER_NONNULL = YES;
				CLANG_ANALYZER_NUMBER_OBJECT_CONVERSION = YES_AGGRESSIVE;
				CLANG_CXX_LANGUAGE_STANDARD = "gnu++20";
				CLANG_ENABLE_MODULES = YES;
				CLANG_ENABLE_OBJC_ARC = YES;
				CLANG_ENABLE_OBJC_WEAK = YES;
				CLANG_WARN_BLOCK_CAPTURE_AUTORELEASING = YES;
				CLANG_WARN_BOOL_CONVERSION = YES;
				CLANG_WARN_COMMA = YES;
				CLANG_WARN_CONSTANT_CONVERSION = YES;
				CLANG_WARN_DEPRECATED_OBJC_IMPLEMENTATIONS = YES;
				CLANG_WARN_DIRECT_OBJC_ISA_USAGE = YES_ERROR;
				CLANG_WARN_DOCUMENTATION_COMMENTS = YES;
				CLANG_WARN_EMPTY_BODY = YES;
				CLANG_WARN_ENUM_CONVERSION = YES;
				CLANG_WARN_INFINITE_RECURSION = YES;
				CLANG_WARN_INT_CONVERSION = YES;
				CLANG_WARN_NON_LITERAL_NULL_CONVERSION = YES;
				CLANG_WARN_OBJC_IMPLICIT_RETAIN_SELF = YES;
				CLANG_WARN_OBJC_LITERAL_CONVERSION = YES;
				CLANG_WARN_OBJC_ROOT_CLASS = YES_ERROR;
				CLANG_WARN_QUOTED_INCLUDE_IN_FRAMEWORK_HEADER = YES;
				CLANG_WARN_RANGE_LOOP_ANALYSIS = YES;
				CLANG_WARN_STRICT_PROTOTYPES = YES;
				CLANG_WARN_SUSPICIOUS_MOVE = YES;
				CLANG_WARN_UNGUARDED_AVAILABILITY = YES_AGGRESSIVE;
				CLANG_WARN_UNREACHABLE_CODE = YES;
				CLANG_WARN__DUPLICATE_METHOD_MATCH = YES;
				COPY_PHASE_STRIP = NO;
				DEBUG_INFORMATION_FORMAT = "dwarf-with-dsym";
				ENABLE_NS_ASSERTIONS = NO;
				ENABLE_STRICT_OBJC_MSGSEND = YES;
				GCC_C_LANGUAGE_STANDARD = gnu11;
				GCC_NO_COMMON_BLOCKS = YES;
				GCC_WARN_64_TO_32_BIT_CONVERSION = YES;
				GCC_WARN_ABOUT_RETURN_TYPE = YES_ERROR;
				GCC_WARN_UNDECLARED_SELECTOR = YES;
				GCC_WARN_UNINITIALIZED_AUTOS = YES_AGGRESSIVE;
				GCC_WARN_UNUSED_FUNCTION = YES;
				GCC_WARN_UNUSED_VARIABLE = YES;
				MACOSX_DEPLOYMENT_TARGET = 13.0;
				MTL_ENABLE_DEBUG_INFO = NO;
				MTL_FAST_MATH = YES;
				SDKROOT = macosx;
			};
			name = Release;
		};
		192D10CF292544990054068A /* Debug */ = {
			isa = XCBuildConfiguration;
			buildSettings = {
				CODE_SIGN_STYLE = Automatic;
				DEVELOPMENT_TEAM = JG8EUNP8T5;
				ENABLE_HARDENED_RUNTIME = YES;
				PRODUCT_NAME = "$(TARGET_NAME)";
			};
			name = Debug;
		};
		192D10D0292544990054068A /* Release */ = {
			isa = XCBuildConfiguration;
			buildSettings = {
				CODE_SIGN_STYLE = Automatic;
				DEVELOPMENT_TEAM = JG8EUNP8T5;
				ENABLE_HARDENED_RUNTIME = YES;
				PRODUCT_NAME = "$(TARGET_NAME)";
			};
			name = Release;
		};
/* End XCBuildConfiguration section */

/* Begin XCConfigurationList section */
		192D10C2292544980054068A /* Build configuration list for PBXProject "hdsdp" */ = {
			isa = XCConfigurationList;
			buildConfigurations = (
				192D10CC292544990054068A /* Debug */,
				192D10CD292544990054068A /* Release */,
			);
			defaultConfigurationIsVisible = 0;
			defaultConfigurationName = Release;
		};
		192D10CE292544990054068A /* Build configuration list for PBXNativeTarget "hdsdp" */ = {
			isa = XCConfigurationList;
			buildConfigurations = (
				192D10CF292544990054068A /* Debug */,
				192D10D0292544990054068A /* Release */,
			);
			defaultConfigurationIsVisible = 0;
			defaultConfigurationName = Release;
		};
/* End XCConfigurationList section */
	};
	rootObject = 192D10BF292544980054068A /* Project object */;
}
