// !$*UTF8*$!
{
	archiveVersion = 1;
	classes = {
	};
	objectVersion = 56;
	objects = {

/* Begin PBXBuildFile section */
		192D10CB292544990054068A /* main.c in Sources */ = {isa = PBXBuildFile; fileRef = 192D10CA292544990054068A /* main.c */; };
		192D10D72925455F0054068A /* sparse_opts.c in Sources */ = {isa = PBXBuildFile; fileRef = 192D10D62925455F0054068A /* sparse_opts.c */; };
		192D10DB292546DE0054068A /* vec_opts.c in Sources */ = {isa = PBXBuildFile; fileRef = 192D10DA292546DE0054068A /* vec_opts.c */; };
/* End PBXBuildFile section */

/* Begin PBXCopyFilesBuildPhase section */
		192D10C5292544990054068A /* CopyFiles */ = {
			isa = PBXCopyFilesBuildPhase;
			buildActionMask = 2147483647;
			dstPath = /usr/share/man/man1/;
			dstSubfolderSpec = 0;
			files = (
			);
			runOnlyForDeploymentPostprocessing = 1;
		};
/* End PBXCopyFilesBuildPhase section */

/* Begin PBXFileReference section */
		192D10C7292544990054068A /* hdsdp */ = {isa = PBXFileReference; explicitFileType = "compiled.mach-o.executable"; includeInIndex = 0; path = hdsdp; sourceTree = BUILT_PRODUCTS_DIR; };
		192D10CA292544990054068A /* main.c */ = {isa = PBXFileReference; lastKnownFileType = sourcecode.c.c; path = main.c; sourceTree = "<group>"; };
		192D10D52925455F0054068A /* sparse_opts.h */ = {isa = PBXFileReference; lastKnownFileType = sourcecode.c.h; path = sparse_opts.h; sourceTree = "<group>"; };
		192D10D62925455F0054068A /* sparse_opts.c */ = {isa = PBXFileReference; lastKnownFileType = sourcecode.c.c; path = sparse_opts.c; sourceTree = "<group>"; };
		192D10D9292546DE0054068A /* vec_opts.h */ = {isa = PBXFileReference; lastKnownFileType = sourcecode.c.h; path = vec_opts.h; sourceTree = "<group>"; };
		192D10DA292546DE0054068A /* vec_opts.c */ = {isa = PBXFileReference; lastKnownFileType = sourcecode.c.c; path = vec_opts.c; sourceTree = "<group>"; };
/* End PBXFileReference section */

/* Begin PBXFrameworksBuildPhase section */
		192D10C4292544990054068A /* Frameworks */ = {
			isa = PBXFrameworksBuildPhase;
			buildActionMask = 2147483647;
			files = (
			);
			runOnlyForDeploymentPostprocessing = 0;
		};
/* End PBXFrameworksBuildPhase section */

/* Begin PBXGroup section */
		192D10BE292544980054068A = {
			isa = PBXGroup;
			children = (
				192D10C9292544990054068A /* hdsdp */,
				192D10C8292544990054068A /* Products */,
			);
			sourceTree = "<group>";
		};
		192D10C8292544990054068A /* Products */ = {
			isa = PBXGroup;
			children = (
				192D10C7292544990054068A /* hdsdp */,
			);
			name = Products;
			sourceTree = "<group>";
		};
		192D10C9292544990054068A /* hdsdp */ = {
			isa = PBXGroup;
			children = (
				192D10CA292544990054068A /* main.c */,
				192D10D8292545730054068A /* structures */,
				192D10D4292545090054068A /* external */,
				192D10D3292544DB0054068A /* potalg */,
				192D10D2292544BC0054068A /* interface */,
				192D10D1292544B00054068A /* linalg */,
			);
			path = hdsdp;
			sourceTree = "<group>";
		};
		192D10D1292544B00054068A /* linalg */ = {
			isa = PBXGroup;
			children = (
				192D10D52925455F0054068A /* sparse_opts.h */,
				192D10D62925455F0054068A /* sparse_opts.c */,
				192D10D9292546DE0054068A /* vec_opts.h */,
				192D10DA292546DE0054068A /* vec_opts.c */,
			);
			path = linalg;
			sourceTree = "<group>";
		};
		192D10D2292544BC0054068A /* interface */ = {
			isa = PBXGroup;
			children = (
			);
			path = interface;
			sourceTree = "<group>";
		};
		192D10D3292544DB0054068A /* potalg */ = {
			isa = PBXGroup;
			children = (
			);
			path = potalg;
			sourceTree = "<group>";
		};
		192D10D4292545090054068A /* external */ = {
			isa = PBXGroup;
			children = (
			);
			path = external;
			sourceTree = "<group>";
		};
		192D10D8292545730054068A /* structures */ = {
			isa = PBXGroup;
			children = (
			);
			path = structures;
			sourceTree = "<group>";
		};
/* End PBXGroup section */

/* Begin PBXNativeTarget section */
		192D10C6292544990054068A /* hdsdp */ = {
			isa = PBXNativeTarget;
			buildConfigurationList = 192D10CE292544990054068A /* Build configuration list for PBXNativeTarget "hdsdp" */;
			buildPhases = (
				192D10C3292544990054068A /* Sources */,
				192D10C4292544990054068A /* Frameworks */,
				192D10C5292544990054068A /* CopyFiles */,
			);
			buildRules = (
			);
			dependencies = (
			);
			name = hdsdp;
			productName = hdsdp;
			productReference = 192D10C7292544990054068A /* hdsdp */;
			productType = "com.apple.product-type.tool";
		};
/* End PBXNativeTarget section */

/* Begin PBXProject section */
		192D10BF292544980054068A /* Project object */ = {
			isa = PBXProject;
			attributes = {
				BuildIndependentTargetsInParallel = 1;
				LastUpgradeCheck = 1410;
				TargetAttributes = {
					192D10C6292544990054068A = {
						CreatedOnToolsVersion = 14.1;
					};
				};
			};
			buildConfigurationList = 192D10C2292544980054068A /* Build configuration list for PBXProject "hdsdp" */;
			compatibilityVersion = "Xcode 14.0";
			developmentRegion = en;
			hasScannedForEncodings = 0;
			knownRegions = (
				en,
				Base,
			);
			mainGroup = 192D10BE292544980054068A;
			productRefGroup = 192D10C8292544990054068A /* Products */;
			projectDirPath = "";
			projectRoot = "";
			targets = (
				192D10C6292544990054068A /* hdsdp */,
			);
		};
/* End PBXProject section */

/* Begin PBXSourcesBuildPhase section */
		192D10C3292544990054068A /* Sources */ = {
			isa = PBXSourcesBuildPhase;
			buildActionMask = 2147483647;
			files = (
				192D10CB292544990054068A /* main.c in Sources */,
				192D10D72925455F0054068A /* sparse_opts.c in Sources */,
				192D10DB292546DE0054068A /* vec_opts.c in Sources */,
			);
			runOnlyForDeploymentPostprocessing = 0;
		};
/* End PBXSourcesBuildPhase section */

/* Begin XCBuildConfiguration section */
		192D10CC292544990054068A /* Debug */ = {
			isa = XCBuildConfiguration;
			buildSettings = {
				ALWAYS_SEARCH_USER_PATHS = NO;
				CLANG_ANALYZER_NONNULL = YES;
				CLANG_ANALYZER_NUMBER_OBJECT_CONVERSION = YES_AGGRESSIVE;
				CLANG_CXX_LANGUAGE_STANDARD = "gnu++20";
				CLANG_ENABLE_MODULES = YES;
				CLANG_ENABLE_OBJC_ARC = YES;
				CLANG_ENABLE_OBJC_WEAK = YES;
				CLANG_WARN_BLOCK_CAPTURE_AUTORELEASING = YES;
				CLANG_WARN_BOOL_CONVERSION = YES;
				CLANG_WARN_COMMA = YES;
				CLANG_WARN_CONSTANT_CONVERSION = YES;
				CLANG_WARN_DEPRECATED_OBJC_IMPLEMENTATIONS = YES;
				CLANG_WARN_DIRECT_OBJC_ISA_USAGE = YES_ERROR;
				CLANG_WARN_DOCUMENTATION_COMMENTS = YES;
				CLANG_WARN_EMPTY_BODY = YES;
				CLANG_WARN_ENUM_CONVERSION = YES;
				CLANG_WARN_INFINITE_RECURSION = YES;
				CLANG_WARN_INT_CONVERSION = YES;
				CLANG_WARN_NON_LITERAL_NULL_CONVERSION = YES;
				CLANG_WARN_OBJC_IMPLICIT_RETAIN_SELF = YES;
				CLANG_WARN_OBJC_LITERAL_CONVERSION = YES;
				CLANG_WARN_OBJC_ROOT_CLASS = YES_ERROR;
				CLANG_WARN_QUOTED_INCLUDE_IN_FRAMEWORK_HEADER = YES;
				CLANG_WARN_RANGE_LOOP_ANALYSIS = YES;
				CLANG_WARN_STRICT_PROTOTYPES = YES;
				CLANG_WARN_SUSPICIOUS_MOVE = YES;
				CLANG_WARN_UNGUARDED_AVAILABILITY = YES_AGGRESSIVE;
				CLANG_WARN_UNREACHABLE_CODE = YES;
				CLANG_WARN__DUPLICATE_METHOD_MATCH = YES;
				COPY_PHASE_STRIP = NO;
				DEBUG_INFORMATION_FORMAT = dwarf;
				ENABLE_STRICT_OBJC_MSGSEND = YES;
				ENABLE_TESTABILITY = YES;
				GCC_C_LANGUAGE_STANDARD = gnu11;
				GCC_DYNAMIC_NO_PIC = NO;
				GCC_NO_COMMON_BLOCKS = YES;
				GCC_OPTIMIZATION_LEVEL = 0;
				GCC_PREPROCESSOR_DEFINITIONS = (
					"DEBUG=1",
					"$(inherited)",
				);
				GCC_WARN_64_TO_32_BIT_CONVERSION = YES;
				GCC_WARN_ABOUT_RETURN_TYPE = YES_ERROR;
				GCC_WARN_UNDECLARED_SELECTOR = YES;
				GCC_WARN_UNINITIALIZED_AUTOS = YES_AGGRESSIVE;
				GCC_WARN_UNUSED_FUNCTION = YES;
				GCC_WARN_UNUSED_VARIABLE = YES;
				MACOSX_DEPLOYMENT_TARGET = 13.0;
				MTL_ENABLE_DEBUG_INFO = INCLUDE_SOURCE;
				MTL_FAST_MATH = YES;
				ONLY_ACTIVE_ARCH = YES;
				SDKROOT = macosx;
			};
			name = Debug;
		};
		192D10CD292544990054068A /* Release */ = {
			isa = XCBuildConfiguration;
			buildSettings = {
				ALWAYS_SEARCH_USER_PATHS = NO;
				CLANG_ANALYZER_NONNULL = YES;
				CLANG_ANALYZER_NUMBER_OBJECT_CONVERSION = YES_AGGRESSIVE;
				CLANG_CXX_LANGUAGE_STANDARD = "gnu++20";
				CLANG_ENABLE_MODULES = YES;
				CLANG_ENABLE_OBJC_ARC = YES;
				CLANG_ENABLE_OBJC_WEAK = YES;
				CLANG_WARN_BLOCK_CAPTURE_AUTORELEASING = YES;
				CLANG_WARN_BOOL_CONVERSION = YES;
				CLANG_WARN_COMMA = YES;
				CLANG_WARN_CONSTANT_CONVERSION = YES;
				CLANG_WARN_DEPRECATED_OBJC_IMPLEMENTATIONS = YES;
				CLANG_WARN_DIRECT_OBJC_ISA_USAGE = YES_ERROR;
				CLANG_WARN_DOCUMENTATION_COMMENTS = YES;
				CLANG_WARN_EMPTY_BODY = YES;
				CLANG_WARN_ENUM_CONVERSION = YES;
				CLANG_WARN_INFINITE_RECURSION = YES;
				CLANG_WARN_INT_CONVERSION = YES;
				CLANG_WARN_NON_LITERAL_NULL_CONVERSION = YES;
				CLANG_WARN_OBJC_IMPLICIT_RETAIN_SELF = YES;
				CLANG_WARN_OBJC_LITERAL_CONVERSION = YES;
				CLANG_WARN_OBJC_ROOT_CLASS = YES_ERROR;
				CLANG_WARN_QUOTED_INCLUDE_IN_FRAMEWORK_HEADER = YES;
				CLANG_WARN_RANGE_LOOP_ANALYSIS = YES;
				CLANG_WARN_STRICT_PROTOTYPES = YES;
				CLANG_WARN_SUSPICIOUS_MOVE = YES;
				CLANG_WARN_UNGUARDED_AVAILABILITY = YES_AGGRESSIVE;
				CLANG_WARN_UNREACHABLE_CODE = YES;
				CLANG_WARN__DUPLICATE_METHOD_MATCH = YES;
				COPY_PHASE_STRIP = NO;
				DEBUG_INFORMATION_FORMAT = "dwarf-with-dsym";
				ENABLE_NS_ASSERTIONS = NO;
				ENABLE_STRICT_OBJC_MSGSEND = YES;
				GCC_C_LANGUAGE_STANDARD = gnu11;
				GCC_NO_COMMON_BLOCKS = YES;
				GCC_WARN_64_TO_32_BIT_CONVERSION = YES;
				GCC_WARN_ABOUT_RETURN_TYPE = YES_ERROR;
				GCC_WARN_UNDECLARED_SELECTOR = YES;
				GCC_WARN_UNINITIALIZED_AUTOS = YES_AGGRESSIVE;
				GCC_WARN_UNUSED_FUNCTION = YES;
				GCC_WARN_UNUSED_VARIABLE = YES;
				MACOSX_DEPLOYMENT_TARGET = 13.0;
				MTL_ENABLE_DEBUG_INFO = NO;
				MTL_FAST_MATH = YES;
				SDKROOT = macosx;
			};
			name = Release;
		};
		192D10CF292544990054068A /* Debug */ = {
			isa = XCBuildConfiguration;
			buildSettings = {
				CODE_SIGN_STYLE = Automatic;
				DEVELOPMENT_TEAM = JG8EUNP8T5;
				ENABLE_HARDENED_RUNTIME = YES;
				PRODUCT_NAME = "$(TARGET_NAME)";
			};
			name = Debug;
		};
		192D10D0292544990054068A /* Release */ = {
			isa = XCBuildConfiguration;
			buildSettings = {
				CODE_SIGN_STYLE = Automatic;
				DEVELOPMENT_TEAM = JG8EUNP8T5;
				ENABLE_HARDENED_RUNTIME = YES;
				PRODUCT_NAME = "$(TARGET_NAME)";
			};
			name = Release;
		};
/* End XCBuildConfiguration section */

/* Begin XCConfigurationList section */
		192D10C2292544980054068A /* Build configuration list for PBXProject "hdsdp" */ = {
			isa = XCConfigurationList;
			buildConfigurations = (
				192D10CC292544990054068A /* Debug */,
				192D10CD292544990054068A /* Release */,
			);
			defaultConfigurationIsVisible = 0;
			defaultConfigurationName = Release;
		};
		192D10CE292544990054068A /* Build configuration list for PBXNativeTarget "hdsdp" */ = {
			isa = XCConfigurationList;
			buildConfigurations = (
				192D10CF292544990054068A /* Debug */,
				192D10D0292544990054068A /* Release */,
			);
			defaultConfigurationIsVisible = 0;
			defaultConfigurationName = Release;
		};
/* End XCConfigurationList section */
	};
	rootObject = 192D10BF292544980054068A /* Project object */;
}
